// !$*UTF8*$!
{
	archiveVersion = 1;
	classes = {
	};
	objectVersion = 46;
	objects = {

/* Begin PBXBuildFile section */
		F0F146A5197751F100DCFBC3 /* Foundation.framework in Frameworks */ = {isa = PBXBuildFile; fileRef = F0F146A4197751F100DCFBC3 /* Foundation.framework */; };
		F0F146A7197751F100DCFBC3 /* CoreGraphics.framework in Frameworks */ = {isa = PBXBuildFile; fileRef = F0F146A6197751F100DCFBC3 /* CoreGraphics.framework */; };
		F0F146A9197751F100DCFBC3 /* UIKit.framework in Frameworks */ = {isa = PBXBuildFile; fileRef = F0F146A8197751F100DCFBC3 /* UIKit.framework */; };
		F0F146AF197751F100DCFBC3 /* InfoPlist.strings in Resources */ = {isa = PBXBuildFile; fileRef = F0F146AD197751F100DCFBC3 /* InfoPlist.strings */; };
		F0F146B1197751F100DCFBC3 /* main.m in Sources */ = {isa = PBXBuildFile; fileRef = F0F146B0197751F100DCFBC3 /* main.m */; };
		F0F146B5197751F100DCFBC3 /* AppDelegate.m in Sources */ = {isa = PBXBuildFile; fileRef = F0F146B4197751F100DCFBC3 /* AppDelegate.m */; };
		F0F146B7197751F100DCFBC3 /* Images.xcassets in Resources */ = {isa = PBXBuildFile; fileRef = F0F146B6197751F100DCFBC3 /* Images.xcassets */; };
		F0F146BE197751F100DCFBC3 /* XCTest.framework in Frameworks */ = {isa = PBXBuildFile; fileRef = F0F146BD197751F100DCFBC3 /* XCTest.framework */; };
		F0F146BF197751F100DCFBC3 /* Foundation.framework in Frameworks */ = {isa = PBXBuildFile; fileRef = F0F146A4197751F100DCFBC3 /* Foundation.framework */; };
		F0F146C0197751F100DCFBC3 /* UIKit.framework in Frameworks */ = {isa = PBXBuildFile; fileRef = F0F146A8197751F100DCFBC3 /* UIKit.framework */; };
		F0F146C8197751F100DCFBC3 /* InfoPlist.strings in Resources */ = {isa = PBXBuildFile; fileRef = F0F146C6197751F100DCFBC3 /* InfoPlist.strings */; };
		F0F146CA197751F100DCFBC3 /* FoodCatchTests.m in Sources */ = {isa = PBXBuildFile; fileRef = F0F146C9197751F100DCFBC3 /* FoodCatchTests.m */; };
		F0F146D6197752A300DCFBC3 /* MainMenuViewController.m in Sources */ = {isa = PBXBuildFile; fileRef = F0F146D4197752A300DCFBC3 /* MainMenuViewController.m */; };
		F0F146D7197752A300DCFBC3 /* MainMenuViewController.xib in Resources */ = {isa = PBXBuildFile; fileRef = F0F146D5197752A300DCFBC3 /* MainMenuViewController.xib */; };
		F0F146DB197754E900DCFBC3 /* InstructionsViewController.m in Sources */ = {isa = PBXBuildFile; fileRef = F0F146D9197754E900DCFBC3 /* InstructionsViewController.m */; };
		F0F146DC197754E900DCFBC3 /* InstructionsViewController.xib in Resources */ = {isa = PBXBuildFile; fileRef = F0F146DA197754E900DCFBC3 /* InstructionsViewController.xib */; };
		F0F146E01977595100DCFBC3 /* HighScoreViewController.m in Sources */ = {isa = PBXBuildFile; fileRef = F0F146DE1977595100DCFBC3 /* HighScoreViewController.m */; };
		F0F146E11977595100DCFBC3 /* HighScoreViewController.xib in Resources */ = {isa = PBXBuildFile; fileRef = F0F146DF1977595100DCFBC3 /* HighScoreViewController.xib */; };
		F0F146E519775EAD00DCFBC3 /* AboutViewController.m in Sources */ = {isa = PBXBuildFile; fileRef = F0F146E319775EAD00DCFBC3 /* AboutViewController.m */; };
		F0F146E619775EAD00DCFBC3 /* AboutViewController.xib in Resources */ = {isa = PBXBuildFile; fileRef = F0F146E419775EAD00DCFBC3 /* AboutViewController.xib */; };
		F0F146E919776C3200DCFBC3 /* GameViewController.m in Sources */ = {isa = PBXBuildFile; fileRef = F0F146E819776C3200DCFBC3 /* GameViewController.m */; };
/* End PBXBuildFile section */

/* Begin PBXContainerItemProxy section */
		F0F146C1197751F100DCFBC3 /* PBXContainerItemProxy */ = {
			isa = PBXContainerItemProxy;
			containerPortal = F0F14699197751F100DCFBC3 /* Project object */;
			proxyType = 1;
			remoteGlobalIDString = F0F146A0197751F100DCFBC3;
			remoteInfo = FoodCatch;
		};
/* End PBXContainerItemProxy section */

/* Begin PBXFileReference section */
		F0F146A1197751F100DCFBC3 /* FoodCatch.app */ = {isa = PBXFileReference; explicitFileType = wrapper.application; includeInIndex = 0; path = FoodCatch.app; sourceTree = BUILT_PRODUCTS_DIR; };
		F0F146A4197751F100DCFBC3 /* Foundation.framework */ = {isa = PBXFileReference; lastKnownFileType = wrapper.framework; name = Foundation.framework; path = System/Library/Frameworks/Foundation.framework; sourceTree = SDKROOT; };
		F0F146A6197751F100DCFBC3 /* CoreGraphics.framework */ = {isa = PBXFileReference; lastKnownFileType = wrapper.framework; name = CoreGraphics.framework; path = System/Library/Frameworks/CoreGraphics.framework; sourceTree = SDKROOT; };
		F0F146A8197751F100DCFBC3 /* UIKit.framework */ = {isa = PBXFileReference; lastKnownFileType = wrapper.framework; name = UIKit.framework; path = System/Library/Frameworks/UIKit.framework; sourceTree = SDKROOT; };
		F0F146AC197751F100DCFBC3 /* FoodCatch-Info.plist */ = {isa = PBXFileReference; lastKnownFileType = text.plist.xml; path = "FoodCatch-Info.plist"; sourceTree = "<group>"; };
		F0F146AE197751F100DCFBC3 /* en */ = {isa = PBXFileReference; lastKnownFileType = text.plist.strings; name = en; path = en.lproj/InfoPlist.strings; sourceTree = "<group>"; };
		F0F146B0197751F100DCFBC3 /* main.m */ = {isa = PBXFileReference; lastKnownFileType = sourcecode.c.objc; path = main.m; sourceTree = "<group>"; };
		F0F146B2197751F100DCFBC3 /* FoodCatch-Prefix.pch */ = {isa = PBXFileReference; lastKnownFileType = sourcecode.c.h; path = "FoodCatch-Prefix.pch"; sourceTree = "<group>"; };
		F0F146B3197751F100DCFBC3 /* AppDelegate.h */ = {isa = PBXFileReference; lastKnownFileType = sourcecode.c.h; path = AppDelegate.h; sourceTree = "<group>"; };
		F0F146B4197751F100DCFBC3 /* AppDelegate.m */ = {isa = PBXFileReference; lastKnownFileType = sourcecode.c.objc; path = AppDelegate.m; sourceTree = "<group>"; };
		F0F146B6197751F100DCFBC3 /* Images.xcassets */ = {isa = PBXFileReference; lastKnownFileType = folder.assetcatalog; path = Images.xcassets; sourceTree = "<group>"; };
		F0F146BC197751F100DCFBC3 /* FoodCatchTests.xctest */ = {isa = PBXFileReference; explicitFileType = wrapper.cfbundle; includeInIndex = 0; path = FoodCatchTests.xctest; sourceTree = BUILT_PRODUCTS_DIR; };
		F0F146BD197751F100DCFBC3 /* XCTest.framework */ = {isa = PBXFileReference; lastKnownFileType = wrapper.framework; name = XCTest.framework; path = Library/Frameworks/XCTest.framework; sourceTree = DEVELOPER_DIR; };
		F0F146C5197751F100DCFBC3 /* FoodCatchTests-Info.plist */ = {isa = PBXFileReference; lastKnownFileType = text.plist.xml; path = "FoodCatchTests-Info.plist"; sourceTree = "<group>"; };
		F0F146C7197751F100DCFBC3 /* en */ = {isa = PBXFileReference; lastKnownFileType = text.plist.strings; name = en; path = en.lproj/InfoPlist.strings; sourceTree = "<group>"; };
		F0F146C9197751F100DCFBC3 /* FoodCatchTests.m */ = {isa = PBXFileReference; lastKnownFileType = sourcecode.c.objc; path = FoodCatchTests.m; sourceTree = "<group>"; };
		F0F146D3197752A300DCFBC3 /* MainMenuViewController.h */ = {isa = PBXFileReference; fileEncoding = 4; lastKnownFileType = sourcecode.c.h; path = MainMenuViewController.h; sourceTree = "<group>"; };
		F0F146D4197752A300DCFBC3 /* MainMenuViewController.m */ = {isa = PBXFileReference; fileEncoding = 4; lastKnownFileType = sourcecode.c.objc; path = MainMenuViewController.m; sourceTree = "<group>"; };
		F0F146D5197752A300DCFBC3 /* MainMenuViewController.xib */ = {isa = PBXFileReference; fileEncoding = 4; lastKnownFileType = file.xib; path = MainMenuViewController.xib; sourceTree = "<group>"; };
		F0F146D8197754E900DCFBC3 /* InstructionsViewController.h */ = {isa = PBXFileReference; fileEncoding = 4; lastKnownFileType = sourcecode.c.h; path = InstructionsViewController.h; sourceTree = "<group>"; };
		F0F146D9197754E900DCFBC3 /* InstructionsViewController.m */ = {isa = PBXFileReference; fileEncoding = 4; lastKnownFileType = sourcecode.c.objc; path = InstructionsViewController.m; sourceTree = "<group>"; };
		F0F146DA197754E900DCFBC3 /* InstructionsViewController.xib */ = {isa = PBXFileReference; fileEncoding = 4; lastKnownFileType = file.xib; path = InstructionsViewController.xib; sourceTree = "<group>"; };
		F0F146DD1977595100DCFBC3 /* HighScoreViewController.h */ = {isa = PBXFileReference; fileEncoding = 4; lastKnownFileType = sourcecode.c.h; path = HighScoreViewController.h; sourceTree = "<group>"; };
		F0F146DE1977595100DCFBC3 /* HighScoreViewController.m */ = {isa = PBXFileReference; fileEncoding = 4; lastKnownFileType = sourcecode.c.objc; path = HighScoreViewController.m; sourceTree = "<group>"; };
		F0F146DF1977595100DCFBC3 /* HighScoreViewController.xib */ = {isa = PBXFileReference; fileEncoding = 4; lastKnownFileType = file.xib; path = HighScoreViewController.xib; sourceTree = "<group>"; };
		F0F146E219775EAD00DCFBC3 /* AboutViewController.h */ = {isa = PBXFileReference; fileEncoding = 4; lastKnownFileType = sourcecode.c.h; path = AboutViewController.h; sourceTree = "<group>"; };
		F0F146E319775EAD00DCFBC3 /* AboutViewController.m */ = {isa = PBXFileReference; fileEncoding = 4; lastKnownFileType = sourcecode.c.objc; path = AboutViewController.m; sourceTree = "<group>"; };
		F0F146E419775EAD00DCFBC3 /* AboutViewController.xib */ = {isa = PBXFileReference; fileEncoding = 4; lastKnownFileType = file.xib; path = AboutViewController.xib; sourceTree = "<group>"; };
		F0F146E719776C3200DCFBC3 /* GameViewController.h */ = {isa = PBXFileReference; fileEncoding = 4; lastKnownFileType = sourcecode.c.h; path = GameViewController.h; sourceTree = "<group>"; };
		F0F146E819776C3200DCFBC3 /* GameViewController.m */ = {isa = PBXFileReference; fileEncoding = 4; lastKnownFileType = sourcecode.c.objc; path = GameViewController.m; sourceTree = "<group>"; };
/* End PBXFileReference section */

/* Begin PBXFrameworksBuildPhase section */
		F0F1469E197751F100DCFBC3 /* Frameworks */ = {
			isa = PBXFrameworksBuildPhase;
			buildActionMask = 2147483647;
			files = (
				F0F146A7197751F100DCFBC3 /* CoreGraphics.framework in Frameworks */,
				F0F146A9197751F100DCFBC3 /* UIKit.framework in Frameworks */,
				F0F146A5197751F100DCFBC3 /* Foundation.framework in Frameworks */,
			);
			runOnlyForDeploymentPostprocessing = 0;
		};
		F0F146B9197751F100DCFBC3 /* Frameworks */ = {
			isa = PBXFrameworksBuildPhase;
			buildActionMask = 2147483647;
			files = (
				F0F146BE197751F100DCFBC3 /* XCTest.framework in Frameworks */,
				F0F146C0197751F100DCFBC3 /* UIKit.framework in Frameworks */,
				F0F146BF197751F100DCFBC3 /* Foundation.framework in Frameworks */,
			);
			runOnlyForDeploymentPostprocessing = 0;
		};
/* End PBXFrameworksBuildPhase section */

/* Begin PBXGroup section */
		F0F14698197751F100DCFBC3 = {
			isa = PBXGroup;
			children = (
				F0F146AA197751F100DCFBC3 /* FoodCatch */,
				F0F146C3197751F100DCFBC3 /* FoodCatchTests */,
				F0F146A3197751F100DCFBC3 /* Frameworks */,
				F0F146A2197751F100DCFBC3 /* Products */,
			);
			sourceTree = "<group>";
		};
		F0F146A2197751F100DCFBC3 /* Products */ = {
			isa = PBXGroup;
			children = (
				F0F146A1197751F100DCFBC3 /* FoodCatch.app */,
				F0F146BC197751F100DCFBC3 /* FoodCatchTests.xctest */,
			);
			name = Products;
			sourceTree = "<group>";
		};
		F0F146A3197751F100DCFBC3 /* Frameworks */ = {
			isa = PBXGroup;
			children = (
				F0F146A4197751F100DCFBC3 /* Foundation.framework */,
				F0F146A6197751F100DCFBC3 /* CoreGraphics.framework */,
				F0F146A8197751F100DCFBC3 /* UIKit.framework */,
				F0F146BD197751F100DCFBC3 /* XCTest.framework */,
			);
			name = Frameworks;
			sourceTree = "<group>";
		};
		F0F146AA197751F100DCFBC3 /* FoodCatch */ = {
			isa = PBXGroup;
			children = (
				F0F146E219775EAD00DCFBC3 /* AboutViewController.h */,
				F0F146E319775EAD00DCFBC3 /* AboutViewController.m */,
				F0F146E419775EAD00DCFBC3 /* AboutViewController.xib */,
				F0F146B3197751F100DCFBC3 /* AppDelegate.h */,
				F0F146B4197751F100DCFBC3 /* AppDelegate.m */,
				F0F146E719776C3200DCFBC3 /* GameViewController.h */,
				F0F146E819776C3200DCFBC3 /* GameViewController.m */,
				F0F146DD1977595100DCFBC3 /* HighScoreViewController.h */,
				F0F146DE1977595100DCFBC3 /* HighScoreViewController.m */,
				F0F146DF1977595100DCFBC3 /* HighScoreViewController.xib */,
				F0F146B6197751F100DCFBC3 /* Images.xcassets */,
				F0F146D8197754E900DCFBC3 /* InstructionsViewController.h */,
				F0F146D9197754E900DCFBC3 /* InstructionsViewController.m */,
				F0F146DA197754E900DCFBC3 /* InstructionsViewController.xib */,
				F0F146D3197752A300DCFBC3 /* MainMenuViewController.h */,
				F0F146D4197752A300DCFBC3 /* MainMenuViewController.m */,
				F0F146D5197752A300DCFBC3 /* MainMenuViewController.xib */,
				F0F146AB197751F100DCFBC3 /* Supporting Files */,
			);
			path = FoodCatch;
			sourceTree = "<group>";
		};
		F0F146AB197751F100DCFBC3 /* Supporting Files */ = {
			isa = PBXGroup;
			children = (
				F0F146AC197751F100DCFBC3 /* FoodCatch-Info.plist */,
				F0F146AD197751F100DCFBC3 /* InfoPlist.strings */,
				F0F146B0197751F100DCFBC3 /* main.m */,
				F0F146B2197751F100DCFBC3 /* FoodCatch-Prefix.pch */,
			);
			name = "Supporting Files";
			sourceTree = "<group>";
		};
		F0F146C3197751F100DCFBC3 /* FoodCatchTests */ = {
			isa = PBXGroup;
			children = (
				F0F146C9197751F100DCFBC3 /* FoodCatchTests.m */,
				F0F146C4197751F100DCFBC3 /* Supporting Files */,
			);
			path = FoodCatchTests;
			sourceTree = "<group>";
		};
		F0F146C4197751F100DCFBC3 /* Supporting Files */ = {
			isa = PBXGroup;
			children = (
				F0F146C5197751F100DCFBC3 /* FoodCatchTests-Info.plist */,
				F0F146C6197751F100DCFBC3 /* InfoPlist.strings */,
			);
			name = "Supporting Files";
			sourceTree = "<group>";
		};
/* End PBXGroup section */

/* Begin PBXNativeTarget section */
		F0F146A0197751F100DCFBC3 /* FoodCatch */ = {
			isa = PBXNativeTarget;
			buildConfigurationList = F0F146CD197751F100DCFBC3 /* Build configuration list for PBXNativeTarget "FoodCatch" */;
			buildPhases = (
				F0F1469D197751F100DCFBC3 /* Sources */,
				F0F1469E197751F100DCFBC3 /* Frameworks */,
				F0F1469F197751F100DCFBC3 /* Resources */,
			);
			buildRules = (
			);
			dependencies = (
			);
			name = FoodCatch;
			productName = FoodCatch;
			productReference = F0F146A1197751F100DCFBC3 /* FoodCatch.app */;
			productType = "com.apple.product-type.application";
		};
		F0F146BB197751F100DCFBC3 /* FoodCatchTests */ = {
			isa = PBXNativeTarget;
			buildConfigurationList = F0F146D0197751F100DCFBC3 /* Build configuration list for PBXNativeTarget "FoodCatchTests" */;
			buildPhases = (
				F0F146B8197751F100DCFBC3 /* Sources */,
				F0F146B9197751F100DCFBC3 /* Frameworks */,
				F0F146BA197751F100DCFBC3 /* Resources */,
			);
			buildRules = (
			);
			dependencies = (
				F0F146C2197751F100DCFBC3 /* PBXTargetDependency */,
			);
			name = FoodCatchTests;
			productName = FoodCatchTests;
			productReference = F0F146BC197751F100DCFBC3 /* FoodCatchTests.xctest */;
			productType = "com.apple.product-type.bundle.unit-test";
		};
/* End PBXNativeTarget section */

/* Begin PBXProject section */
		F0F14699197751F100DCFBC3 /* Project object */ = {
			isa = PBXProject;
			attributes = {
				LastUpgradeCheck = 0510;
				ORGANIZATIONNAME = "Keith Samson";
				TargetAttributes = {
					F0F146BB197751F100DCFBC3 = {
						TestTargetID = F0F146A0197751F100DCFBC3;
					};
				};
			};
			buildConfigurationList = F0F1469C197751F100DCFBC3 /* Build configuration list for PBXProject "FoodCatch" */;
			compatibilityVersion = "Xcode 3.2";
			developmentRegion = English;
			hasScannedForEncodings = 0;
			knownRegions = (
				en,
			);
			mainGroup = F0F14698197751F100DCFBC3;
			productRefGroup = F0F146A2197751F100DCFBC3 /* Products */;
			projectDirPath = "";
			projectRoot = "";
			targets = (
				F0F146A0197751F100DCFBC3 /* FoodCatch */,
				F0F146BB197751F100DCFBC3 /* FoodCatchTests */,
			);
		};
/* End PBXProject section */

/* Begin PBXResourcesBuildPhase section */
		F0F1469F197751F100DCFBC3 /* Resources */ = {
			isa = PBXResourcesBuildPhase;
			buildActionMask = 2147483647;
			files = (
				F0F146AF197751F100DCFBC3 /* InfoPlist.strings in Resources */,
				F0F146D7197752A300DCFBC3 /* MainMenuViewController.xib in Resources */,
				F0F146E11977595100DCFBC3 /* HighScoreViewController.xib in Resources */,
				F0F146B7197751F100DCFBC3 /* Images.xcassets in Resources */,
				F0F146E619775EAD00DCFBC3 /* AboutViewController.xib in Resources */,
				F0F146DC197754E900DCFBC3 /* InstructionsViewController.xib in Resources */,
			);
			runOnlyForDeploymentPostprocessing = 0;
		};
		F0F146BA197751F100DCFBC3 /* Resources */ = {
			isa = PBXResourcesBuildPhase;
			buildActionMask = 2147483647;
			files = (
				F0F146C8197751F100DCFBC3 /* InfoPlist.strings in Resources */,
			);
			runOnlyForDeploymentPostprocessing = 0;
		};
/* End PBXResourcesBuildPhase section */

/* Begin PBXSourcesBuildPhase section */
		F0F1469D197751F100DCFBC3 /* Sources */ = {
			isa = PBXSourcesBuildPhase;
			buildActionMask = 2147483647;
			files = (
				F0F146E519775EAD00DCFBC3 /* AboutViewController.m in Sources */,
				F0F146B5197751F100DCFBC3 /* AppDelegate.m in Sources */,
				F0F146E919776C3200DCFBC3 /* GameViewController.m in Sources */,
				F0F146E01977595100DCFBC3 /* HighScoreViewController.m in Sources */,
				F0F146D6197752A300DCFBC3 /* MainMenuViewController.m in Sources */,
				F0F146B1197751F100DCFBC3 /* main.m in Sources */,
				F0F146DB197754E900DCFBC3 /* InstructionsViewController.m in Sources */,
			);
			runOnlyForDeploymentPostprocessing = 0;
		};
		F0F146B8197751F100DCFBC3 /* Sources */ = {
			isa = PBXSourcesBuildPhase;
			buildActionMask = 2147483647;
			files = (
				F0F146CA197751F100DCFBC3 /* FoodCatchTests.m in Sources */,
			);
			runOnlyForDeploymentPostprocessing = 0;
		};
/* End PBXSourcesBuildPhase section */

/* Begin PBXTargetDependency section */
		F0F146C2197751F100DCFBC3 /* PBXTargetDependency */ = {
			isa = PBXTargetDependency;
			target = F0F146A0197751F100DCFBC3 /* FoodCatch */;
			targetProxy = F0F146C1197751F100DCFBC3 /* PBXContainerItemProxy */;
		};
/* End PBXTargetDependency section */

/* Begin PBXVariantGroup section */
		F0F146AD197751F100DCFBC3 /* InfoPlist.strings */ = {
			isa = PBXVariantGroup;
			children = (
				F0F146AE197751F100DCFBC3 /* en */,
			);
			name = InfoPlist.strings;
			sourceTree = "<group>";
		};
		F0F146C6197751F100DCFBC3 /* InfoPlist.strings */ = {
			isa = PBXVariantGroup;
			children = (
				F0F146C7197751F100DCFBC3 /* en */,
			);
			name = InfoPlist.strings;
			sourceTree = "<group>";
		};
/* End PBXVariantGroup section */

/* Begin XCBuildConfiguration section */
		F0F146CB197751F100DCFBC3 /* Debug */ = {
			isa = XCBuildConfiguration;
			buildSettings = {
				ALWAYS_SEARCH_USER_PATHS = NO;
				CLANG_CXX_LANGUAGE_STANDARD = "gnu++0x";
				CLANG_CXX_LIBRARY = "libc++";
				CLANG_ENABLE_MODULES = YES;
				CLANG_ENABLE_OBJC_ARC = YES;
				CLANG_WARN_BOOL_CONVERSION = YES;
				CLANG_WARN_CONSTANT_CONVERSION = YES;
				CLANG_WARN_DIRECT_OBJC_ISA_USAGE = YES_ERROR;
				CLANG_WARN_EMPTY_BODY = YES;
				CLANG_WARN_ENUM_CONVERSION = YES;
				CLANG_WARN_INT_CONVERSION = YES;
				CLANG_WARN_OBJC_ROOT_CLASS = YES_ERROR;
				CLANG_WARN__DUPLICATE_METHOD_MATCH = YES;
				"CODE_SIGN_IDENTITY[sdk=iphoneos*]" = "iPhone Developer";
				COPY_PHASE_STRIP = NO;
				GCC_C_LANGUAGE_STANDARD = gnu99;
				GCC_DYNAMIC_NO_PIC = NO;
				GCC_OPTIMIZATION_LEVEL = 0;
				GCC_PREPROCESSOR_DEFINITIONS = (
					"DEBUG=1",
					"$(inherited)",
				);
				GCC_SYMBOLS_PRIVATE_EXTERN = NO;
				GCC_WARN_64_TO_32_BIT_CONVERSION = YES;
				GCC_WARN_ABOUT_RETURN_TYPE = YES_ERROR;
				GCC_WARN_UNDECLARED_SELECTOR = YES;
				GCC_WARN_UNINITIALIZED_AUTOS = YES_AGGRESSIVE;
				GCC_WARN_UNUSED_FUNCTION = YES;
				GCC_WARN_UNUSED_VARIABLE = YES;
				IPHONEOS_DEPLOYMENT_TARGET = 7.1;
				ONLY_ACTIVE_ARCH = YES;
				SDKROOT = iphoneos;
			};
			name = Debug;
		};
		F0F146CC197751F100DCFBC3 /* Release */ = {
			isa = XCBuildConfiguration;
			buildSettings = {
				ALWAYS_SEARCH_USER_PATHS = NO;
				CLANG_CXX_LANGUAGE_STANDARD = "gnu++0x";
				CLANG_CXX_LIBRARY = "libc++";
				CLANG_ENABLE_MODULES = YES;
				CLANG_ENABLE_OBJC_ARC = YES;
				CLANG_WARN_BOOL_CONVERSION = YES;
				CLANG_WARN_CONSTANT_CONVERSION = YES;
				CLANG_WARN_DIRECT_OBJC_ISA_USAGE = YES_ERROR;
				CLANG_WARN_EMPTY_BODY = YES;
				CLANG_WARN_ENUM_CONVERSION = YES;
				CLANG_WARN_INT_CONVERSION = YES;
				CLANG_WARN_OBJC_ROOT_CLASS = YES_ERROR;
				CLANG_WARN__DUPLICATE_METHOD_MATCH = YES;
				"CODE_SIGN_IDENTITY[sdk=iphoneos*]" = "iPhone Developer";
				COPY_PHASE_STRIP = YES;
				ENABLE_NS_ASSERTIONS = NO;
				GCC_C_LANGUAGE_STANDARD = gnu99;
				GCC_WARN_64_TO_32_BIT_CONVERSION = YES;
				GCC_WARN_ABOUT_RETURN_TYPE = YES_ERROR;
				GCC_WARN_UNDECLARED_SELECTOR = YES;
				GCC_WARN_UNINITIALIZED_AUTOS = YES_AGGRESSIVE;
				GCC_WARN_UNUSED_FUNCTION = YES;
				GCC_WARN_UNUSED_VARIABLE = YES;
				IPHONEOS_DEPLOYMENT_TARGET = 7.1;
				SDKROOT = iphoneos;
				VALIDATE_PRODUCT = YES;
			};
			name = Release;
		};
		F0F146CE197751F100DCFBC3 /* Debug */ = {
			isa = XCBuildConfiguration;
			buildSettings = {
				ASSETCATALOG_COMPILER_APPICON_NAME = AppIcon;
				ASSETCATALOG_COMPILER_LAUNCHIMAGE_NAME = LaunchImage;
				GCC_PRECOMPILE_PREFIX_HEADER = YES;
				GCC_PREFIX_HEADER = "FoodCatch/FoodCatch-Prefix.pch";
				INFOPLIST_FILE = "FoodCatch/FoodCatch-Info.plist";
				PRODUCT_NAME = "$(TARGET_NAME)";
				WRAPPER_EXTENSION = app;
			};
			name = Debug;
		};
		F0F146CF197751F100DCFBC3 /* Release */ = {
			isa = XCBuildConfiguration;
			buildSettings = {
				ASSETCATALOG_COMPILER_APPICON_NAME = AppIcon;
				ASSETCATALOG_COMPILER_LAUNCHIMAGE_NAME = LaunchImage;
				GCC_PRECOMPILE_PREFIX_HEADER = YES;
				GCC_PREFIX_HEADER = "FoodCatch/FoodCatch-Prefix.pch";
				INFOPLIST_FILE = "FoodCatch/FoodCatch-Info.plist";
				PRODUCT_NAME = "$(TARGET_NAME)";
				WRAPPER_EXTENSION = app;
			};
			name = Release;
		};
		F0F146D1197751F100DCFBC3 /* Debug */ = {
			isa = XCBuildConfiguration;
			buildSettings = {
				BUNDLE_LOADER = "$(BUILT_PRODUCTS_DIR)/FoodCatch.app/FoodCatch";
				FRAMEWORK_SEARCH_PATHS = (
					"$(SDKROOT)/Developer/Library/Frameworks",
					"$(inherited)",
					"$(DEVELOPER_FRAMEWORKS_DIR)",
				);
				GCC_PRECOMPILE_PREFIX_HEADER = YES;
				GCC_PREFIX_HEADER = "FoodCatch/FoodCatch-Prefix.pch";
				GCC_PREPROCESSOR_DEFINITIONS = (
					"DEBUG=1",
					"$(inherited)",
				);
				INFOPLIST_FILE = "FoodCatchTests/FoodCatchTests-Info.plist";
				PRODUCT_NAME = "$(TARGET_NAME)";
				TEST_HOST = "$(BUNDLE_LOADER)";
				WRAPPER_EXTENSION = xctest;
			};
			name = Debug;
		};
		F0F146D2197751F100DCFBC3 /* Release */ = {
			isa = XCBuildConfiguration;
			buildSettings = {
				BUNDLE_LOADER = "$(BUILT_PRODUCTS_DIR)/FoodCatch.app/FoodCatch";
				FRAMEWORK_SEARCH_PATHS = (
					"$(SDKROOT)/Developer/Library/Frameworks",
					"$(inherited)",
					"$(DEVELOPER_FRAMEWORKS_DIR)",
				);
				GCC_PRECOMPILE_PREFIX_HEADER = YES;
				GCC_PREFIX_HEADER = "FoodCatch/FoodCatch-Prefix.pch";
				INFOPLIST_FILE = "FoodCatchTests/FoodCatchTests-Info.plist";
				PRODUCT_NAME = "$(TARGET_NAME)";
				TEST_HOST = "$(BUNDLE_LOADER)";
				WRAPPER_EXTENSION = xctest;
			};
			name = Release;
		};
/* End XCBuildConfiguration section */

/* Begin XCConfigurationList section */
		F0F1469C197751F100DCFBC3 /* Build configuration list for PBXProject "FoodCatch" */ = {
			isa = XCConfigurationList;
			buildConfigurations = (
				F0F146CB197751F100DCFBC3 /* Debug */,
				F0F146CC197751F100DCFBC3 /* Release */,
			);
			defaultConfigurationIsVisible = 0;
			defaultConfigurationName = Release;
		};
		F0F146CD197751F100DCFBC3 /* Build configuration list for PBXNativeTarget "FoodCatch" */ = {
			isa = XCConfigurationList;
			buildConfigurations = (
				F0F146CE197751F100DCFBC3 /* Debug */,
				F0F146CF197751F100DCFBC3 /* Release */,
			);
			defaultConfigurationIsVisible = 0;
		};
		F0F146D0197751F100DCFBC3 /* Build configuration list for PBXNativeTarget "FoodCatchTests" */ = {
			isa = XCConfigurationList;
			buildConfigurations = (
				F0F146D1197751F100DCFBC3 /* Debug */,
				F0F146D2197751F100DCFBC3 /* Release */,
			);
			defaultConfigurationIsVisible = 0;
		};
/* End XCConfigurationList section */
	};
	rootObject = F0F14699197751F100DCFBC3 /* Project object */;
}
