// !$*UTF8*$!
{
	archiveVersion = 1;
	classes = {
	};
	objectVersion = 46;
	objects = {

/* Begin PBXBuildFile section */
		F08FA4AB196E779D00A0CFCD /* Foundation.framework in Frameworks */ = {isa = PBXBuildFile; fileRef = F08FA4AA196E779D00A0CFCD /* Foundation.framework */; };
		F08FA4AD196E779D00A0CFCD /* CoreGraphics.framework in Frameworks */ = {isa = PBXBuildFile; fileRef = F08FA4AC196E779D00A0CFCD /* CoreGraphics.framework */; };
		F08FA4AF196E779D00A0CFCD /* UIKit.framework in Frameworks */ = {isa = PBXBuildFile; fileRef = F08FA4AE196E779D00A0CFCD /* UIKit.framework */; };
		F08FA4B5196E779D00A0CFCD /* InfoPlist.strings in Resources */ = {isa = PBXBuildFile; fileRef = F08FA4B3196E779D00A0CFCD /* InfoPlist.strings */; };
		F08FA4B7196E779D00A0CFCD /* main.m in Sources */ = {isa = PBXBuildFile; fileRef = F08FA4B6196E779D00A0CFCD /* main.m */; };
		F08FA4BB196E779D00A0CFCD /* AppDelegate.m in Sources */ = {isa = PBXBuildFile; fileRef = F08FA4BA196E779D00A0CFCD /* AppDelegate.m */; };
		F08FA4BD196E779D00A0CFCD /* Images.xcassets in Resources */ = {isa = PBXBuildFile; fileRef = F08FA4BC196E779D00A0CFCD /* Images.xcassets */; };
		F08FA4C4196E779E00A0CFCD /* XCTest.framework in Frameworks */ = {isa = PBXBuildFile; fileRef = F08FA4C3196E779E00A0CFCD /* XCTest.framework */; };
		F08FA4C5196E779E00A0CFCD /* Foundation.framework in Frameworks */ = {isa = PBXBuildFile; fileRef = F08FA4AA196E779D00A0CFCD /* Foundation.framework */; };
		F08FA4C6196E779E00A0CFCD /* UIKit.framework in Frameworks */ = {isa = PBXBuildFile; fileRef = F08FA4AE196E779D00A0CFCD /* UIKit.framework */; };
		F08FA4CE196E779E00A0CFCD /* InfoPlist.strings in Resources */ = {isa = PBXBuildFile; fileRef = F08FA4CC196E779E00A0CFCD /* InfoPlist.strings */; };
		F08FA4D0196E779E00A0CFCD /* CatcherTests.m in Sources */ = {isa = PBXBuildFile; fileRef = F08FA4CF196E779E00A0CFCD /* CatcherTests.m */; };
		F08FA4DB196E77DB00A0CFCD /* GameViewController.m in Sources */ = {isa = PBXBuildFile; fileRef = F08FA4DA196E77DB00A0CFCD /* GameViewController.m */; };
/* End PBXBuildFile section */

/* Begin PBXContainerItemProxy section */
		F08FA4C7196E779E00A0CFCD /* PBXContainerItemProxy */ = {
			isa = PBXContainerItemProxy;
			containerPortal = F08FA49F196E779D00A0CFCD /* Project object */;
			proxyType = 1;
			remoteGlobalIDString = F08FA4A6196E779D00A0CFCD;
			remoteInfo = Catcher;
		};
/* End PBXContainerItemProxy section */

/* Begin PBXFileReference section */
		F08FA4A7196E779D00A0CFCD /* Catcher.app */ = {isa = PBXFileReference; explicitFileType = wrapper.application; includeInIndex = 0; path = Catcher.app; sourceTree = BUILT_PRODUCTS_DIR; };
		F08FA4AA196E779D00A0CFCD /* Foundation.framework */ = {isa = PBXFileReference; lastKnownFileType = wrapper.framework; name = Foundation.framework; path = System/Library/Frameworks/Foundation.framework; sourceTree = SDKROOT; };
		F08FA4AC196E779D00A0CFCD /* CoreGraphics.framework */ = {isa = PBXFileReference; lastKnownFileType = wrapper.framework; name = CoreGraphics.framework; path = System/Library/Frameworks/CoreGraphics.framework; sourceTree = SDKROOT; };
		F08FA4AE196E779D00A0CFCD /* UIKit.framework */ = {isa = PBXFileReference; lastKnownFileType = wrapper.framework; name = UIKit.framework; path = System/Library/Frameworks/UIKit.framework; sourceTree = SDKROOT; };
		F08FA4B2196E779D00A0CFCD /* Catcher-Info.plist */ = {isa = PBXFileReference; lastKnownFileType = text.plist.xml; path = "Catcher-Info.plist"; sourceTree = "<group>"; };
		F08FA4B4196E779D00A0CFCD /* en */ = {isa = PBXFileReference; lastKnownFileType = text.plist.strings; name = en; path = en.lproj/InfoPlist.strings; sourceTree = "<group>"; };
		F08FA4B6196E779D00A0CFCD /* main.m */ = {isa = PBXFileReference; lastKnownFileType = sourcecode.c.objc; path = main.m; sourceTree = "<group>"; };
		F08FA4B8196E779D00A0CFCD /* Catcher-Prefix.pch */ = {isa = PBXFileReference; lastKnownFileType = sourcecode.c.h; path = "Catcher-Prefix.pch"; sourceTree = "<group>"; };
		F08FA4B9196E779D00A0CFCD /* AppDelegate.h */ = {isa = PBXFileReference; lastKnownFileType = sourcecode.c.h; path = AppDelegate.h; sourceTree = "<group>"; };
		F08FA4BA196E779D00A0CFCD /* AppDelegate.m */ = {isa = PBXFileReference; lastKnownFileType = sourcecode.c.objc; path = AppDelegate.m; sourceTree = "<group>"; };
		F08FA4BC196E779D00A0CFCD /* Images.xcassets */ = {isa = PBXFileReference; lastKnownFileType = folder.assetcatalog; path = Images.xcassets; sourceTree = "<group>"; };
		F08FA4C2196E779E00A0CFCD /* CatcherTests.xctest */ = {isa = PBXFileReference; explicitFileType = wrapper.cfbundle; includeInIndex = 0; path = CatcherTests.xctest; sourceTree = BUILT_PRODUCTS_DIR; };
		F08FA4C3196E779E00A0CFCD /* XCTest.framework */ = {isa = PBXFileReference; lastKnownFileType = wrapper.framework; name = XCTest.framework; path = Library/Frameworks/XCTest.framework; sourceTree = DEVELOPER_DIR; };
		F08FA4CB196E779E00A0CFCD /* CatcherTests-Info.plist */ = {isa = PBXFileReference; lastKnownFileType = text.plist.xml; path = "CatcherTests-Info.plist"; sourceTree = "<group>"; };
		F08FA4CD196E779E00A0CFCD /* en */ = {isa = PBXFileReference; lastKnownFileType = text.plist.strings; name = en; path = en.lproj/InfoPlist.strings; sourceTree = "<group>"; };
		F08FA4CF196E779E00A0CFCD /* CatcherTests.m */ = {isa = PBXFileReference; lastKnownFileType = sourcecode.c.objc; path = CatcherTests.m; sourceTree = "<group>"; };
		F08FA4D9196E77DB00A0CFCD /* GameViewController.h */ = {isa = PBXFileReference; fileEncoding = 4; lastKnownFileType = sourcecode.c.h; path = GameViewController.h; sourceTree = "<group>"; };
		F08FA4DA196E77DB00A0CFCD /* GameViewController.m */ = {isa = PBXFileReference; fileEncoding = 4; lastKnownFileType = sourcecode.c.objc; path = GameViewController.m; sourceTree = "<group>"; };
/* End PBXFileReference section */

/* Begin PBXFrameworksBuildPhase section */
		F08FA4A4196E779D00A0CFCD /* Frameworks */ = {
			isa = PBXFrameworksBuildPhase;
			buildActionMask = 2147483647;
			files = (
				F08FA4AD196E779D00A0CFCD /* CoreGraphics.framework in Frameworks */,
				F08FA4AF196E779D00A0CFCD /* UIKit.framework in Frameworks */,
				F08FA4AB196E779D00A0CFCD /* Foundation.framework in Frameworks */,
			);
			runOnlyForDeploymentPostprocessing = 0;
		};
		F08FA4BF196E779E00A0CFCD /* Frameworks */ = {
			isa = PBXFrameworksBuildPhase;
			buildActionMask = 2147483647;
			files = (
				F08FA4C4196E779E00A0CFCD /* XCTest.framework in Frameworks */,
				F08FA4C6196E779E00A0CFCD /* UIKit.framework in Frameworks */,
				F08FA4C5196E779E00A0CFCD /* Foundation.framework in Frameworks */,
			);
			runOnlyForDeploymentPostprocessing = 0;
		};
/* End PBXFrameworksBuildPhase section */

/* Begin PBXGroup section */
		F08FA49E196E779D00A0CFCD = {
			isa = PBXGroup;
			children = (
				F08FA4B0196E779D00A0CFCD /* Catcher */,
				F08FA4C9196E779E00A0CFCD /* CatcherTests */,
				F08FA4A9196E779D00A0CFCD /* Frameworks */,
				F08FA4A8196E779D00A0CFCD /* Products */,
			);
			sourceTree = "<group>";
		};
		F08FA4A8196E779D00A0CFCD /* Products */ = {
			isa = PBXGroup;
			children = (
				F08FA4A7196E779D00A0CFCD /* Catcher.app */,
				F08FA4C2196E779E00A0CFCD /* CatcherTests.xctest */,
			);
			name = Products;
			sourceTree = "<group>";
		};
		F08FA4A9196E779D00A0CFCD /* Frameworks */ = {
			isa = PBXGroup;
			children = (
				F08FA4AA196E779D00A0CFCD /* Foundation.framework */,
				F08FA4AC196E779D00A0CFCD /* CoreGraphics.framework */,
				F08FA4AE196E779D00A0CFCD /* UIKit.framework */,
				F08FA4C3196E779E00A0CFCD /* XCTest.framework */,
			);
			name = Frameworks;
			sourceTree = "<group>";
		};
		F08FA4B0196E779D00A0CFCD /* Catcher */ = {
			isa = PBXGroup;
			children = (
				F08FA4B9196E779D00A0CFCD /* AppDelegate.h */,
				F08FA4BA196E779D00A0CFCD /* AppDelegate.m */,
				F08FA4D9196E77DB00A0CFCD /* GameViewController.h */,
				F08FA4DA196E77DB00A0CFCD /* GameViewController.m */,
				F08FA4BC196E779D00A0CFCD /* Images.xcassets */,
				F08FA4B1196E779D00A0CFCD /* Supporting Files */,
			);
			path = Catcher;
			sourceTree = "<group>";
		};
		F08FA4B1196E779D00A0CFCD /* Supporting Files */ = {
			isa = PBXGroup;
			children = (
				F08FA4B2196E779D00A0CFCD /* Catcher-Info.plist */,
				F08FA4B3196E779D00A0CFCD /* InfoPlist.strings */,
				F08FA4B6196E779D00A0CFCD /* main.m */,
				F08FA4B8196E779D00A0CFCD /* Catcher-Prefix.pch */,
			);
			name = "Supporting Files";
			sourceTree = "<group>";
		};
		F08FA4C9196E779E00A0CFCD /* CatcherTests */ = {
			isa = PBXGroup;
			children = (
				F08FA4CF196E779E00A0CFCD /* CatcherTests.m */,
				F08FA4CA196E779E00A0CFCD /* Supporting Files */,
			);
			path = CatcherTests;
			sourceTree = "<group>";
		};
		F08FA4CA196E779E00A0CFCD /* Supporting Files */ = {
			isa = PBXGroup;
			children = (
				F08FA4CB196E779E00A0CFCD /* CatcherTests-Info.plist */,
				F08FA4CC196E779E00A0CFCD /* InfoPlist.strings */,
			);
			name = "Supporting Files";
			sourceTree = "<group>";
		};
/* End PBXGroup section */

/* Begin PBXNativeTarget section */
		F08FA4A6196E779D00A0CFCD /* Catcher */ = {
			isa = PBXNativeTarget;
			buildConfigurationList = F08FA4D3196E779E00A0CFCD /* Build configuration list for PBXNativeTarget "Catcher" */;
			buildPhases = (
				F08FA4A3196E779D00A0CFCD /* Sources */,
				F08FA4A4196E779D00A0CFCD /* Frameworks */,
				F08FA4A5196E779D00A0CFCD /* Resources */,
			);
			buildRules = (
			);
			dependencies = (
			);
			name = Catcher;
			productName = Catcher;
			productReference = F08FA4A7196E779D00A0CFCD /* Catcher.app */;
			productType = "com.apple.product-type.application";
		};
		F08FA4C1196E779E00A0CFCD /* CatcherTests */ = {
			isa = PBXNativeTarget;
			buildConfigurationList = F08FA4D6196E779E00A0CFCD /* Build configuration list for PBXNativeTarget "CatcherTests" */;
			buildPhases = (
				F08FA4BE196E779E00A0CFCD /* Sources */,
				F08FA4BF196E779E00A0CFCD /* Frameworks */,
				F08FA4C0196E779E00A0CFCD /* Resources */,
			);
			buildRules = (
			);
			dependencies = (
				F08FA4C8196E779E00A0CFCD /* PBXTargetDependency */,
			);
			name = CatcherTests;
			productName = CatcherTests;
			productReference = F08FA4C2196E779E00A0CFCD /* CatcherTests.xctest */;
			productType = "com.apple.product-type.bundle.unit-test";
		};
/* End PBXNativeTarget section */

/* Begin PBXProject section */
		F08FA49F196E779D00A0CFCD /* Project object */ = {
			isa = PBXProject;
			attributes = {
				LastUpgradeCheck = 0510;
				ORGANIZATIONNAME = "Keith Samson";
				TargetAttributes = {
					F08FA4C1196E779E00A0CFCD = {
						TestTargetID = F08FA4A6196E779D00A0CFCD;
					};
				};
			};
			buildConfigurationList = F08FA4A2196E779D00A0CFCD /* Build configuration list for PBXProject "Catcher" */;
			compatibilityVersion = "Xcode 3.2";
			developmentRegion = English;
			hasScannedForEncodings = 0;
			knownRegions = (
				en,
			);
			mainGroup = F08FA49E196E779D00A0CFCD;
			productRefGroup = F08FA4A8196E779D00A0CFCD /* Products */;
			projectDirPath = "";
			projectRoot = "";
			targets = (
				F08FA4A6196E779D00A0CFCD /* Catcher */,
				F08FA4C1196E779E00A0CFCD /* CatcherTests */,
			);
		};
/* End PBXProject section */

/* Begin PBXResourcesBuildPhase section */
		F08FA4A5196E779D00A0CFCD /* Resources */ = {
			isa = PBXResourcesBuildPhase;
			buildActionMask = 2147483647;
			files = (
				F08FA4B5196E779D00A0CFCD /* InfoPlist.strings in Resources */,
				F08FA4BD196E779D00A0CFCD /* Images.xcassets in Resources */,
			);
			runOnlyForDeploymentPostprocessing = 0;
		};
		F08FA4C0196E779E00A0CFCD /* Resources */ = {
			isa = PBXResourcesBuildPhase;
			buildActionMask = 2147483647;
			files = (
				F08FA4CE196E779E00A0CFCD /* InfoPlist.strings in Resources */,
			);
			runOnlyForDeploymentPostprocessing = 0;
		};
/* End PBXResourcesBuildPhase section */

/* Begin PBXSourcesBuildPhase section */
		F08FA4A3196E779D00A0CFCD /* Sources */ = {
			isa = PBXSourcesBuildPhase;
			buildActionMask = 2147483647;
			files = (
				F08FA4BB196E779D00A0CFCD /* AppDelegate.m in Sources */,
				F08FA4DB196E77DB00A0CFCD /* GameViewController.m in Sources */,
				F08FA4B7196E779D00A0CFCD /* main.m in Sources */,
			);
			runOnlyForDeploymentPostprocessing = 0;
		};
		F08FA4BE196E779E00A0CFCD /* Sources */ = {
			isa = PBXSourcesBuildPhase;
			buildActionMask = 2147483647;
			files = (
				F08FA4D0196E779E00A0CFCD /* CatcherTests.m in Sources */,
			);
			runOnlyForDeploymentPostprocessing = 0;
		};
/* End PBXSourcesBuildPhase section */

/* Begin PBXTargetDependency section */
		F08FA4C8196E779E00A0CFCD /* PBXTargetDependency */ = {
			isa = PBXTargetDependency;
			target = F08FA4A6196E779D00A0CFCD /* Catcher */;
			targetProxy = F08FA4C7196E779E00A0CFCD /* PBXContainerItemProxy */;
		};
/* End PBXTargetDependency section */

/* Begin PBXVariantGroup section */
		F08FA4B3196E779D00A0CFCD /* InfoPlist.strings */ = {
			isa = PBXVariantGroup;
			children = (
				F08FA4B4196E779D00A0CFCD /* en */,
			);
			name = InfoPlist.strings;
			sourceTree = "<group>";
		};
		F08FA4CC196E779E00A0CFCD /* InfoPlist.strings */ = {
			isa = PBXVariantGroup;
			children = (
				F08FA4CD196E779E00A0CFCD /* en */,
			);
			name = InfoPlist.strings;
			sourceTree = "<group>";
		};
/* End PBXVariantGroup section */

/* Begin XCBuildConfiguration section */
		F08FA4D1196E779E00A0CFCD /* Debug */ = {
			isa = XCBuildConfiguration;
			buildSettings = {
				ALWAYS_SEARCH_USER_PATHS = NO;
				CLANG_CXX_LANGUAGE_STANDARD = "gnu++0x";
				CLANG_CXX_LIBRARY = "libc++";
				CLANG_ENABLE_MODULES = YES;
				CLANG_ENABLE_OBJC_ARC = YES;
				CLANG_WARN_BOOL_CONVERSION = YES;
				CLANG_WARN_CONSTANT_CONVERSION = YES;
				CLANG_WARN_DIRECT_OBJC_ISA_USAGE = YES_ERROR;
				CLANG_WARN_EMPTY_BODY = YES;
				CLANG_WARN_ENUM_CONVERSION = YES;
				CLANG_WARN_INT_CONVERSION = YES;
				CLANG_WARN_OBJC_ROOT_CLASS = YES_ERROR;
				CLANG_WARN__DUPLICATE_METHOD_MATCH = YES;
				"CODE_SIGN_IDENTITY[sdk=iphoneos*]" = "iPhone Developer";
				COPY_PHASE_STRIP = NO;
				GCC_C_LANGUAGE_STANDARD = gnu99;
				GCC_DYNAMIC_NO_PIC = NO;
				GCC_OPTIMIZATION_LEVEL = 0;
				GCC_PREPROCESSOR_DEFINITIONS = (
					"DEBUG=1",
					"$(inherited)",
				);
				GCC_SYMBOLS_PRIVATE_EXTERN = NO;
				GCC_WARN_64_TO_32_BIT_CONVERSION = YES;
				GCC_WARN_ABOUT_RETURN_TYPE = YES_ERROR;
				GCC_WARN_UNDECLARED_SELECTOR = YES;
				GCC_WARN_UNINITIALIZED_AUTOS = YES_AGGRESSIVE;
				GCC_WARN_UNUSED_FUNCTION = YES;
				GCC_WARN_UNUSED_VARIABLE = YES;
				IPHONEOS_DEPLOYMENT_TARGET = 7.1;
				ONLY_ACTIVE_ARCH = YES;
				SDKROOT = iphoneos;
			};
			name = Debug;
		};
		F08FA4D2196E779E00A0CFCD /* Release */ = {
			isa = XCBuildConfiguration;
			buildSettings = {
				ALWAYS_SEARCH_USER_PATHS = NO;
				CLANG_CXX_LANGUAGE_STANDARD = "gnu++0x";
				CLANG_CXX_LIBRARY = "libc++";
				CLANG_ENABLE_MODULES = YES;
				CLANG_ENABLE_OBJC_ARC = YES;
				CLANG_WARN_BOOL_CONVERSION = YES;
				CLANG_WARN_CONSTANT_CONVERSION = YES;
				CLANG_WARN_DIRECT_OBJC_ISA_USAGE = YES_ERROR;
				CLANG_WARN_EMPTY_BODY = YES;
				CLANG_WARN_ENUM_CONVERSION = YES;
				CLANG_WARN_INT_CONVERSION = YES;
				CLANG_WARN_OBJC_ROOT_CLASS = YES_ERROR;
				CLANG_WARN__DUPLICATE_METHOD_MATCH = YES;
				"CODE_SIGN_IDENTITY[sdk=iphoneos*]" = "iPhone Developer";
				COPY_PHASE_STRIP = YES;
				ENABLE_NS_ASSERTIONS = NO;
				GCC_C_LANGUAGE_STANDARD = gnu99;
				GCC_WARN_64_TO_32_BIT_CONVERSION = YES;
				GCC_WARN_ABOUT_RETURN_TYPE = YES_ERROR;
				GCC_WARN_UNDECLARED_SELECTOR = YES;
				GCC_WARN_UNINITIALIZED_AUTOS = YES_AGGRESSIVE;
				GCC_WARN_UNUSED_FUNCTION = YES;
				GCC_WARN_UNUSED_VARIABLE = YES;
				IPHONEOS_DEPLOYMENT_TARGET = 7.1;
				SDKROOT = iphoneos;
				VALIDATE_PRODUCT = YES;
			};
			name = Release;
		};
		F08FA4D4196E779E00A0CFCD /* Debug */ = {
			isa = XCBuildConfiguration;
			buildSettings = {
				ASSETCATALOG_COMPILER_APPICON_NAME = AppIcon;
				ASSETCATALOG_COMPILER_LAUNCHIMAGE_NAME = LaunchImage;
				GCC_PRECOMPILE_PREFIX_HEADER = YES;
				GCC_PREFIX_HEADER = "Catcher/Catcher-Prefix.pch";
				INFOPLIST_FILE = "Catcher/Catcher-Info.plist";
				PRODUCT_NAME = "$(TARGET_NAME)";
				WRAPPER_EXTENSION = app;
			};
			name = Debug;
		};
		F08FA4D5196E779E00A0CFCD /* Release */ = {
			isa = XCBuildConfiguration;
			buildSettings = {
				ASSETCATALOG_COMPILER_APPICON_NAME = AppIcon;
				ASSETCATALOG_COMPILER_LAUNCHIMAGE_NAME = LaunchImage;
				GCC_PRECOMPILE_PREFIX_HEADER = YES;
				GCC_PREFIX_HEADER = "Catcher/Catcher-Prefix.pch";
				INFOPLIST_FILE = "Catcher/Catcher-Info.plist";
				PRODUCT_NAME = "$(TARGET_NAME)";
				WRAPPER_EXTENSION = app;
			};
			name = Release;
		};
		F08FA4D7196E779E00A0CFCD /* Debug */ = {
			isa = XCBuildConfiguration;
			buildSettings = {
				BUNDLE_LOADER = "$(BUILT_PRODUCTS_DIR)/Catcher.app/Catcher";
				FRAMEWORK_SEARCH_PATHS = (
					"$(SDKROOT)/Developer/Library/Frameworks",
					"$(inherited)",
					"$(DEVELOPER_FRAMEWORKS_DIR)",
				);
				GCC_PRECOMPILE_PREFIX_HEADER = YES;
				GCC_PREFIX_HEADER = "Catcher/Catcher-Prefix.pch";
				GCC_PREPROCESSOR_DEFINITIONS = (
					"DEBUG=1",
					"$(inherited)",
				);
				INFOPLIST_FILE = "CatcherTests/CatcherTests-Info.plist";
				PRODUCT_NAME = "$(TARGET_NAME)";
				TEST_HOST = "$(BUNDLE_LOADER)";
				WRAPPER_EXTENSION = xctest;
			};
			name = Debug;
		};
		F08FA4D8196E779E00A0CFCD /* Release */ = {
			isa = XCBuildConfiguration;
			buildSettings = {
				BUNDLE_LOADER = "$(BUILT_PRODUCTS_DIR)/Catcher.app/Catcher";
				FRAMEWORK_SEARCH_PATHS = (
					"$(SDKROOT)/Developer/Library/Frameworks",
					"$(inherited)",
					"$(DEVELOPER_FRAMEWORKS_DIR)",
				);
				GCC_PRECOMPILE_PREFIX_HEADER = YES;
				GCC_PREFIX_HEADER = "Catcher/Catcher-Prefix.pch";
				INFOPLIST_FILE = "CatcherTests/CatcherTests-Info.plist";
				PRODUCT_NAME = "$(TARGET_NAME)";
				TEST_HOST = "$(BUNDLE_LOADER)";
				WRAPPER_EXTENSION = xctest;
			};
			name = Release;
		};
/* End XCBuildConfiguration section */

/* Begin XCConfigurationList section */
		F08FA4A2196E779D00A0CFCD /* Build configuration list for PBXProject "Catcher" */ = {
			isa = XCConfigurationList;
			buildConfigurations = (
				F08FA4D1196E779E00A0CFCD /* Debug */,
				F08FA4D2196E779E00A0CFCD /* Release */,
			);
			defaultConfigurationIsVisible = 0;
			defaultConfigurationName = Release;
		};
		F08FA4D3196E779E00A0CFCD /* Build configuration list for PBXNativeTarget "Catcher" */ = {
			isa = XCConfigurationList;
			buildConfigurations = (
				F08FA4D4196E779E00A0CFCD /* Debug */,
				F08FA4D5196E779E00A0CFCD /* Release */,
			);
			defaultConfigurationIsVisible = 0;
		};
		F08FA4D6196E779E00A0CFCD /* Build configuration list for PBXNativeTarget "CatcherTests" */ = {
			isa = XCConfigurationList;
			buildConfigurations = (
				F08FA4D7196E779E00A0CFCD /* Debug */,
				F08FA4D8196E779E00A0CFCD /* Release */,
			);
			defaultConfigurationIsVisible = 0;
		};
/* End XCConfigurationList section */
	};
	rootObject = F08FA49F196E779D00A0CFCD /* Project object */;
}
