// !$*UTF8*$!
{
	archiveVersion = 1;
	classes = {
	};
	objectVersion = 46;
	objects = {

/* Begin PBXBuildFile section */
		F0B2495C19625DDF00D3A8F1 /* Foundation.framework in Frameworks */ = {isa = PBXBuildFile; fileRef = F0B2495B19625DDF00D3A8F1 /* Foundation.framework */; };
		F0B2495E19625DDF00D3A8F1 /* CoreGraphics.framework in Frameworks */ = {isa = PBXBuildFile; fileRef = F0B2495D19625DDF00D3A8F1 /* CoreGraphics.framework */; };
		F0B2496019625DDF00D3A8F1 /* UIKit.framework in Frameworks */ = {isa = PBXBuildFile; fileRef = F0B2495F19625DDF00D3A8F1 /* UIKit.framework */; };
		F0B2496619625DDF00D3A8F1 /* InfoPlist.strings in Resources */ = {isa = PBXBuildFile; fileRef = F0B2496419625DDF00D3A8F1 /* InfoPlist.strings */; };
		F0B2496819625DDF00D3A8F1 /* main.m in Sources */ = {isa = PBXBuildFile; fileRef = F0B2496719625DDF00D3A8F1 /* main.m */; };
		F0B2496C19625DDF00D3A8F1 /* BNRAppDelegate.m in Sources */ = {isa = PBXBuildFile; fileRef = F0B2496B19625DDF00D3A8F1 /* BNRAppDelegate.m */; };
		F0B2496E19625DDF00D3A8F1 /* Images.xcassets in Resources */ = {isa = PBXBuildFile; fileRef = F0B2496D19625DDF00D3A8F1 /* Images.xcassets */; };
		F0B2497519625DDF00D3A8F1 /* XCTest.framework in Frameworks */ = {isa = PBXBuildFile; fileRef = F0B2497419625DDF00D3A8F1 /* XCTest.framework */; };
		F0B2497619625DDF00D3A8F1 /* Foundation.framework in Frameworks */ = {isa = PBXBuildFile; fileRef = F0B2495B19625DDF00D3A8F1 /* Foundation.framework */; };
		F0B2497719625DDF00D3A8F1 /* UIKit.framework in Frameworks */ = {isa = PBXBuildFile; fileRef = F0B2495F19625DDF00D3A8F1 /* UIKit.framework */; };
		F0B2497F19625DDF00D3A8F1 /* InfoPlist.strings in Resources */ = {isa = PBXBuildFile; fileRef = F0B2497D19625DDF00D3A8F1 /* InfoPlist.strings */; };
		F0B2498119625DDF00D3A8F1 /* ColorboardTests.m in Sources */ = {isa = PBXBuildFile; fileRef = F0B2498019625DDF00D3A8F1 /* ColorboardTests.m */; };
		F0B2498B19625DFE00D3A8F1 /* Colorboard.storyboard in Resources */ = {isa = PBXBuildFile; fileRef = F0B2498A19625DFE00D3A8F1 /* Colorboard.storyboard */; };
		F0B2498E1962650700D3A8F1 /* BNRColorViewController.m in Sources */ = {isa = PBXBuildFile; fileRef = F0B2498D1962650700D3A8F1 /* BNRColorViewController.m */; };
		F0B24991196269DC00D3A8F1 /* BNRPaletteViewController.m in Sources */ = {isa = PBXBuildFile; fileRef = F0B24990196269DC00D3A8F1 /* BNRPaletteViewController.m */; };
		F0B2499419626A8D00D3A8F1 /* BNRColorDescription.m in Sources */ = {isa = PBXBuildFile; fileRef = F0B2499319626A8D00D3A8F1 /* BNRColorDescription.m */; };
/* End PBXBuildFile section */

/* Begin PBXContainerItemProxy section */
		F0B2497819625DDF00D3A8F1 /* PBXContainerItemProxy */ = {
			isa = PBXContainerItemProxy;
			containerPortal = F0B2495019625DDF00D3A8F1 /* Project object */;
			proxyType = 1;
			remoteGlobalIDString = F0B2495719625DDF00D3A8F1;
			remoteInfo = Colorboard;
		};
/* End PBXContainerItemProxy section */

/* Begin PBXFileReference section */
		F0B2495819625DDF00D3A8F1 /* Colorboard.app */ = {isa = PBXFileReference; explicitFileType = wrapper.application; includeInIndex = 0; path = Colorboard.app; sourceTree = BUILT_PRODUCTS_DIR; };
		F0B2495B19625DDF00D3A8F1 /* Foundation.framework */ = {isa = PBXFileReference; lastKnownFileType = wrapper.framework; name = Foundation.framework; path = System/Library/Frameworks/Foundation.framework; sourceTree = SDKROOT; };
		F0B2495D19625DDF00D3A8F1 /* CoreGraphics.framework */ = {isa = PBXFileReference; lastKnownFileType = wrapper.framework; name = CoreGraphics.framework; path = System/Library/Frameworks/CoreGraphics.framework; sourceTree = SDKROOT; };
		F0B2495F19625DDF00D3A8F1 /* UIKit.framework */ = {isa = PBXFileReference; lastKnownFileType = wrapper.framework; name = UIKit.framework; path = System/Library/Frameworks/UIKit.framework; sourceTree = SDKROOT; };
		F0B2496319625DDF00D3A8F1 /* Colorboard-Info.plist */ = {isa = PBXFileReference; lastKnownFileType = text.plist.xml; path = "Colorboard-Info.plist"; sourceTree = "<group>"; };
		F0B2496519625DDF00D3A8F1 /* en */ = {isa = PBXFileReference; lastKnownFileType = text.plist.strings; name = en; path = en.lproj/InfoPlist.strings; sourceTree = "<group>"; };
		F0B2496719625DDF00D3A8F1 /* main.m */ = {isa = PBXFileReference; lastKnownFileType = sourcecode.c.objc; path = main.m; sourceTree = "<group>"; };
		F0B2496919625DDF00D3A8F1 /* Colorboard-Prefix.pch */ = {isa = PBXFileReference; lastKnownFileType = sourcecode.c.h; path = "Colorboard-Prefix.pch"; sourceTree = "<group>"; };
		F0B2496A19625DDF00D3A8F1 /* BNRAppDelegate.h */ = {isa = PBXFileReference; lastKnownFileType = sourcecode.c.h; path = BNRAppDelegate.h; sourceTree = "<group>"; };
		F0B2496B19625DDF00D3A8F1 /* BNRAppDelegate.m */ = {isa = PBXFileReference; lastKnownFileType = sourcecode.c.objc; path = BNRAppDelegate.m; sourceTree = "<group>"; };
		F0B2496D19625DDF00D3A8F1 /* Images.xcassets */ = {isa = PBXFileReference; lastKnownFileType = folder.assetcatalog; path = Images.xcassets; sourceTree = "<group>"; };
		F0B2497319625DDF00D3A8F1 /* ColorboardTests.xctest */ = {isa = PBXFileReference; explicitFileType = wrapper.cfbundle; includeInIndex = 0; path = ColorboardTests.xctest; sourceTree = BUILT_PRODUCTS_DIR; };
		F0B2497419625DDF00D3A8F1 /* XCTest.framework */ = {isa = PBXFileReference; lastKnownFileType = wrapper.framework; name = XCTest.framework; path = Library/Frameworks/XCTest.framework; sourceTree = DEVELOPER_DIR; };
		F0B2497C19625DDF00D3A8F1 /* ColorboardTests-Info.plist */ = {isa = PBXFileReference; lastKnownFileType = text.plist.xml; path = "ColorboardTests-Info.plist"; sourceTree = "<group>"; };
		F0B2497E19625DDF00D3A8F1 /* en */ = {isa = PBXFileReference; lastKnownFileType = text.plist.strings; name = en; path = en.lproj/InfoPlist.strings; sourceTree = "<group>"; };
		F0B2498019625DDF00D3A8F1 /* ColorboardTests.m */ = {isa = PBXFileReference; lastKnownFileType = sourcecode.c.objc; path = ColorboardTests.m; sourceTree = "<group>"; };
		F0B2498A19625DFE00D3A8F1 /* Colorboard.storyboard */ = {isa = PBXFileReference; fileEncoding = 4; lastKnownFileType = file.storyboard; path = Colorboard.storyboard; sourceTree = SOURCE_ROOT; };
		F0B2498C1962650700D3A8F1 /* BNRColorViewController.h */ = {isa = PBXFileReference; fileEncoding = 4; lastKnownFileType = sourcecode.c.h; path = BNRColorViewController.h; sourceTree = "<group>"; };
		F0B2498D1962650700D3A8F1 /* BNRColorViewController.m */ = {isa = PBXFileReference; fileEncoding = 4; lastKnownFileType = sourcecode.c.objc; path = BNRColorViewController.m; sourceTree = "<group>"; };
		F0B2498F196269DC00D3A8F1 /* BNRPaletteViewController.h */ = {isa = PBXFileReference; fileEncoding = 4; lastKnownFileType = sourcecode.c.h; path = BNRPaletteViewController.h; sourceTree = "<group>"; };
		F0B24990196269DC00D3A8F1 /* BNRPaletteViewController.m */ = {isa = PBXFileReference; fileEncoding = 4; lastKnownFileType = sourcecode.c.objc; path = BNRPaletteViewController.m; sourceTree = "<group>"; };
		F0B2499219626A8D00D3A8F1 /* BNRColorDescription.h */ = {isa = PBXFileReference; fileEncoding = 4; lastKnownFileType = sourcecode.c.h; path = BNRColorDescription.h; sourceTree = "<group>"; };
		F0B2499319626A8D00D3A8F1 /* BNRColorDescription.m */ = {isa = PBXFileReference; fileEncoding = 4; lastKnownFileType = sourcecode.c.objc; path = BNRColorDescription.m; sourceTree = "<group>"; };
/* End PBXFileReference section */

/* Begin PBXFrameworksBuildPhase section */
		F0B2495519625DDF00D3A8F1 /* Frameworks */ = {
			isa = PBXFrameworksBuildPhase;
			buildActionMask = 2147483647;
			files = (
				F0B2495E19625DDF00D3A8F1 /* CoreGraphics.framework in Frameworks */,
				F0B2496019625DDF00D3A8F1 /* UIKit.framework in Frameworks */,
				F0B2495C19625DDF00D3A8F1 /* Foundation.framework in Frameworks */,
			);
			runOnlyForDeploymentPostprocessing = 0;
		};
		F0B2497019625DDF00D3A8F1 /* Frameworks */ = {
			isa = PBXFrameworksBuildPhase;
			buildActionMask = 2147483647;
			files = (
				F0B2497519625DDF00D3A8F1 /* XCTest.framework in Frameworks */,
				F0B2497719625DDF00D3A8F1 /* UIKit.framework in Frameworks */,
				F0B2497619625DDF00D3A8F1 /* Foundation.framework in Frameworks */,
			);
			runOnlyForDeploymentPostprocessing = 0;
		};
/* End PBXFrameworksBuildPhase section */

/* Begin PBXGroup section */
		F0B2494F19625DDF00D3A8F1 = {
			isa = PBXGroup;
			children = (
				F0B2496119625DDF00D3A8F1 /* Colorboard */,
				F0B2497A19625DDF00D3A8F1 /* ColorboardTests */,
				F0B2495A19625DDF00D3A8F1 /* Frameworks */,
				F0B2495919625DDF00D3A8F1 /* Products */,
			);
			sourceTree = "<group>";
		};
		F0B2495919625DDF00D3A8F1 /* Products */ = {
			isa = PBXGroup;
			children = (
				F0B2495819625DDF00D3A8F1 /* Colorboard.app */,
				F0B2497319625DDF00D3A8F1 /* ColorboardTests.xctest */,
			);
			name = Products;
			sourceTree = "<group>";
		};
		F0B2495A19625DDF00D3A8F1 /* Frameworks */ = {
			isa = PBXGroup;
			children = (
				F0B2495B19625DDF00D3A8F1 /* Foundation.framework */,
				F0B2495D19625DDF00D3A8F1 /* CoreGraphics.framework */,
				F0B2495F19625DDF00D3A8F1 /* UIKit.framework */,
				F0B2497419625DDF00D3A8F1 /* XCTest.framework */,
			);
			name = Frameworks;
			sourceTree = "<group>";
		};
		F0B2496119625DDF00D3A8F1 /* Colorboard */ = {
			isa = PBXGroup;
			children = (
				F0B2498A19625DFE00D3A8F1 /* Colorboard.storyboard */,
				F0B2496A19625DDF00D3A8F1 /* BNRAppDelegate.h */,
				F0B2498C1962650700D3A8F1 /* BNRColorViewController.h */,
				F0B2498D1962650700D3A8F1 /* BNRColorViewController.m */,
				F0B2498F196269DC00D3A8F1 /* BNRPaletteViewController.h */,
				F0B24990196269DC00D3A8F1 /* BNRPaletteViewController.m */,
				F0B2499219626A8D00D3A8F1 /* BNRColorDescription.h */,
				F0B2499319626A8D00D3A8F1 /* BNRColorDescription.m */,
				F0B2496B19625DDF00D3A8F1 /* BNRAppDelegate.m */,
				F0B2496D19625DDF00D3A8F1 /* Images.xcassets */,
				F0B2496219625DDF00D3A8F1 /* Supporting Files */,
			);
			path = Colorboard;
			sourceTree = "<group>";
		};
		F0B2496219625DDF00D3A8F1 /* Supporting Files */ = {
			isa = PBXGroup;
			children = (
				F0B2496319625DDF00D3A8F1 /* Colorboard-Info.plist */,
				F0B2496419625DDF00D3A8F1 /* InfoPlist.strings */,
				F0B2496719625DDF00D3A8F1 /* main.m */,
				F0B2496919625DDF00D3A8F1 /* Colorboard-Prefix.pch */,
			);
			name = "Supporting Files";
			sourceTree = "<group>";
		};
		F0B2497A19625DDF00D3A8F1 /* ColorboardTests */ = {
			isa = PBXGroup;
			children = (
				F0B2498019625DDF00D3A8F1 /* ColorboardTests.m */,
				F0B2497B19625DDF00D3A8F1 /* Supporting Files */,
			);
			path = ColorboardTests;
			sourceTree = "<group>";
		};
		F0B2497B19625DDF00D3A8F1 /* Supporting Files */ = {
			isa = PBXGroup;
			children = (
				F0B2497C19625DDF00D3A8F1 /* ColorboardTests-Info.plist */,
				F0B2497D19625DDF00D3A8F1 /* InfoPlist.strings */,
			);
			name = "Supporting Files";
			sourceTree = "<group>";
		};
/* End PBXGroup section */

/* Begin PBXNativeTarget section */
		F0B2495719625DDF00D3A8F1 /* Colorboard */ = {
			isa = PBXNativeTarget;
			buildConfigurationList = F0B2498419625DDF00D3A8F1 /* Build configuration list for PBXNativeTarget "Colorboard" */;
			buildPhases = (
				F0B2495419625DDF00D3A8F1 /* Sources */,
				F0B2495519625DDF00D3A8F1 /* Frameworks */,
				F0B2495619625DDF00D3A8F1 /* Resources */,
			);
			buildRules = (
			);
			dependencies = (
			);
			name = Colorboard;
			productName = Colorboard;
			productReference = F0B2495819625DDF00D3A8F1 /* Colorboard.app */;
			productType = "com.apple.product-type.application";
		};
		F0B2497219625DDF00D3A8F1 /* ColorboardTests */ = {
			isa = PBXNativeTarget;
			buildConfigurationList = F0B2498719625DDF00D3A8F1 /* Build configuration list for PBXNativeTarget "ColorboardTests" */;
			buildPhases = (
				F0B2496F19625DDF00D3A8F1 /* Sources */,
				F0B2497019625DDF00D3A8F1 /* Frameworks */,
				F0B2497119625DDF00D3A8F1 /* Resources */,
			);
			buildRules = (
			);
			dependencies = (
				F0B2497919625DDF00D3A8F1 /* PBXTargetDependency */,
			);
			name = ColorboardTests;
			productName = ColorboardTests;
			productReference = F0B2497319625DDF00D3A8F1 /* ColorboardTests.xctest */;
			productType = "com.apple.product-type.bundle.unit-test";
		};
/* End PBXNativeTarget section */

/* Begin PBXProject section */
		F0B2495019625DDF00D3A8F1 /* Project object */ = {
			isa = PBXProject;
			attributes = {
				CLASSPREFIX = BNR;
				LastUpgradeCheck = 0510;
				ORGANIZATIONNAME = "Keith Samson";
				TargetAttributes = {
					F0B2497219625DDF00D3A8F1 = {
						TestTargetID = F0B2495719625DDF00D3A8F1;
					};
				};
			};
			buildConfigurationList = F0B2495319625DDF00D3A8F1 /* Build configuration list for PBXProject "Colorboard" */;
			compatibilityVersion = "Xcode 3.2";
			developmentRegion = English;
			hasScannedForEncodings = 0;
			knownRegions = (
				en,
			);
			mainGroup = F0B2494F19625DDF00D3A8F1;
			productRefGroup = F0B2495919625DDF00D3A8F1 /* Products */;
			projectDirPath = "";
			projectRoot = "";
			targets = (
				F0B2495719625DDF00D3A8F1 /* Colorboard */,
				F0B2497219625DDF00D3A8F1 /* ColorboardTests */,
			);
		};
/* End PBXProject section */

/* Begin PBXResourcesBuildPhase section */
		F0B2495619625DDF00D3A8F1 /* Resources */ = {
			isa = PBXResourcesBuildPhase;
			buildActionMask = 2147483647;
			files = (
				F0B2498B19625DFE00D3A8F1 /* Colorboard.storyboard in Resources */,
				F0B2496619625DDF00D3A8F1 /* InfoPlist.strings in Resources */,
				F0B2496E19625DDF00D3A8F1 /* Images.xcassets in Resources */,
			);
			runOnlyForDeploymentPostprocessing = 0;
		};
		F0B2497119625DDF00D3A8F1 /* Resources */ = {
			isa = PBXResourcesBuildPhase;
			buildActionMask = 2147483647;
			files = (
				F0B2497F19625DDF00D3A8F1 /* InfoPlist.strings in Resources */,
			);
			runOnlyForDeploymentPostprocessing = 0;
		};
/* End PBXResourcesBuildPhase section */

/* Begin PBXSourcesBuildPhase section */
		F0B2495419625DDF00D3A8F1 /* Sources */ = {
			isa = PBXSourcesBuildPhase;
			buildActionMask = 2147483647;
			files = (
				F0B2496819625DDF00D3A8F1 /* main.m in Sources */,
				F0B24991196269DC00D3A8F1 /* BNRPaletteViewController.m in Sources */,
				F0B2499419626A8D00D3A8F1 /* BNRColorDescription.m in Sources */,
				F0B2496C19625DDF00D3A8F1 /* BNRAppDelegate.m in Sources */,
				F0B2498E1962650700D3A8F1 /* BNRColorViewController.m in Sources */,
			);
			runOnlyForDeploymentPostprocessing = 0;
		};
		F0B2496F19625DDF00D3A8F1 /* Sources */ = {
			isa = PBXSourcesBuildPhase;
			buildActionMask = 2147483647;
			files = (
				F0B2498119625DDF00D3A8F1 /* ColorboardTests.m in Sources */,
			);
			runOnlyForDeploymentPostprocessing = 0;
		};
/* End PBXSourcesBuildPhase section */

/* Begin PBXTargetDependency section */
		F0B2497919625DDF00D3A8F1 /* PBXTargetDependency */ = {
			isa = PBXTargetDependency;
			target = F0B2495719625DDF00D3A8F1 /* Colorboard */;
			targetProxy = F0B2497819625DDF00D3A8F1 /* PBXContainerItemProxy */;
		};
/* End PBXTargetDependency section */

/* Begin PBXVariantGroup section */
		F0B2496419625DDF00D3A8F1 /* InfoPlist.strings */ = {
			isa = PBXVariantGroup;
			children = (
				F0B2496519625DDF00D3A8F1 /* en */,
			);
			name = InfoPlist.strings;
			sourceTree = "<group>";
		};
		F0B2497D19625DDF00D3A8F1 /* InfoPlist.strings */ = {
			isa = PBXVariantGroup;
			children = (
				F0B2497E19625DDF00D3A8F1 /* en */,
			);
			name = InfoPlist.strings;
			sourceTree = "<group>";
		};
/* End PBXVariantGroup section */

/* Begin XCBuildConfiguration section */
		F0B2498219625DDF00D3A8F1 /* Debug */ = {
			isa = XCBuildConfiguration;
			buildSettings = {
				ALWAYS_SEARCH_USER_PATHS = NO;
				CLANG_CXX_LANGUAGE_STANDARD = "gnu++0x";
				CLANG_CXX_LIBRARY = "libc++";
				CLANG_ENABLE_MODULES = YES;
				CLANG_ENABLE_OBJC_ARC = YES;
				CLANG_WARN_BOOL_CONVERSION = YES;
				CLANG_WARN_CONSTANT_CONVERSION = YES;
				CLANG_WARN_DIRECT_OBJC_ISA_USAGE = YES_ERROR;
				CLANG_WARN_EMPTY_BODY = YES;
				CLANG_WARN_ENUM_CONVERSION = YES;
				CLANG_WARN_INT_CONVERSION = YES;
				CLANG_WARN_OBJC_ROOT_CLASS = YES_ERROR;
				CLANG_WARN__DUPLICATE_METHOD_MATCH = YES;
				"CODE_SIGN_IDENTITY[sdk=iphoneos*]" = "iPhone Developer";
				COPY_PHASE_STRIP = NO;
				GCC_C_LANGUAGE_STANDARD = gnu99;
				GCC_DYNAMIC_NO_PIC = NO;
				GCC_OPTIMIZATION_LEVEL = 0;
				GCC_PREPROCESSOR_DEFINITIONS = (
					"DEBUG=1",
					"$(inherited)",
				);
				GCC_SYMBOLS_PRIVATE_EXTERN = NO;
				GCC_WARN_64_TO_32_BIT_CONVERSION = YES;
				GCC_WARN_ABOUT_RETURN_TYPE = YES_ERROR;
				GCC_WARN_UNDECLARED_SELECTOR = YES;
				GCC_WARN_UNINITIALIZED_AUTOS = YES_AGGRESSIVE;
				GCC_WARN_UNUSED_FUNCTION = YES;
				GCC_WARN_UNUSED_VARIABLE = YES;
				IPHONEOS_DEPLOYMENT_TARGET = 7.1;
				ONLY_ACTIVE_ARCH = YES;
				SDKROOT = iphoneos;
			};
			name = Debug;
		};
		F0B2498319625DDF00D3A8F1 /* Release */ = {
			isa = XCBuildConfiguration;
			buildSettings = {
				ALWAYS_SEARCH_USER_PATHS = NO;
				CLANG_CXX_LANGUAGE_STANDARD = "gnu++0x";
				CLANG_CXX_LIBRARY = "libc++";
				CLANG_ENABLE_MODULES = YES;
				CLANG_ENABLE_OBJC_ARC = YES;
				CLANG_WARN_BOOL_CONVERSION = YES;
				CLANG_WARN_CONSTANT_CONVERSION = YES;
				CLANG_WARN_DIRECT_OBJC_ISA_USAGE = YES_ERROR;
				CLANG_WARN_EMPTY_BODY = YES;
				CLANG_WARN_ENUM_CONVERSION = YES;
				CLANG_WARN_INT_CONVERSION = YES;
				CLANG_WARN_OBJC_ROOT_CLASS = YES_ERROR;
				CLANG_WARN__DUPLICATE_METHOD_MATCH = YES;
				"CODE_SIGN_IDENTITY[sdk=iphoneos*]" = "iPhone Developer";
				COPY_PHASE_STRIP = YES;
				ENABLE_NS_ASSERTIONS = NO;
				GCC_C_LANGUAGE_STANDARD = gnu99;
				GCC_WARN_64_TO_32_BIT_CONVERSION = YES;
				GCC_WARN_ABOUT_RETURN_TYPE = YES_ERROR;
				GCC_WARN_UNDECLARED_SELECTOR = YES;
				GCC_WARN_UNINITIALIZED_AUTOS = YES_AGGRESSIVE;
				GCC_WARN_UNUSED_FUNCTION = YES;
				GCC_WARN_UNUSED_VARIABLE = YES;
				IPHONEOS_DEPLOYMENT_TARGET = 7.1;
				SDKROOT = iphoneos;
				VALIDATE_PRODUCT = YES;
			};
			name = Release;
		};
		F0B2498519625DDF00D3A8F1 /* Debug */ = {
			isa = XCBuildConfiguration;
			buildSettings = {
				ASSETCATALOG_COMPILER_APPICON_NAME = AppIcon;
				ASSETCATALOG_COMPILER_LAUNCHIMAGE_NAME = LaunchImage;
				GCC_PRECOMPILE_PREFIX_HEADER = YES;
				GCC_PREFIX_HEADER = "Colorboard/Colorboard-Prefix.pch";
				INFOPLIST_FILE = "Colorboard/Colorboard-Info.plist";
				PRODUCT_NAME = "$(TARGET_NAME)";
				WRAPPER_EXTENSION = app;
			};
			name = Debug;
		};
		F0B2498619625DDF00D3A8F1 /* Release */ = {
			isa = XCBuildConfiguration;
			buildSettings = {
				ASSETCATALOG_COMPILER_APPICON_NAME = AppIcon;
				ASSETCATALOG_COMPILER_LAUNCHIMAGE_NAME = LaunchImage;
				GCC_PRECOMPILE_PREFIX_HEADER = YES;
				GCC_PREFIX_HEADER = "Colorboard/Colorboard-Prefix.pch";
				INFOPLIST_FILE = "Colorboard/Colorboard-Info.plist";
				PRODUCT_NAME = "$(TARGET_NAME)";
				WRAPPER_EXTENSION = app;
			};
			name = Release;
		};
		F0B2498819625DDF00D3A8F1 /* Debug */ = {
			isa = XCBuildConfiguration;
			buildSettings = {
				BUNDLE_LOADER = "$(BUILT_PRODUCTS_DIR)/Colorboard.app/Colorboard";
				FRAMEWORK_SEARCH_PATHS = (
					"$(SDKROOT)/Developer/Library/Frameworks",
					"$(inherited)",
					"$(DEVELOPER_FRAMEWORKS_DIR)",
				);
				GCC_PRECOMPILE_PREFIX_HEADER = YES;
				GCC_PREFIX_HEADER = "Colorboard/Colorboard-Prefix.pch";
				GCC_PREPROCESSOR_DEFINITIONS = (
					"DEBUG=1",
					"$(inherited)",
				);
				INFOPLIST_FILE = "ColorboardTests/ColorboardTests-Info.plist";
				PRODUCT_NAME = "$(TARGET_NAME)";
				TEST_HOST = "$(BUNDLE_LOADER)";
				WRAPPER_EXTENSION = xctest;
			};
			name = Debug;
		};
		F0B2498919625DDF00D3A8F1 /* Release */ = {
			isa = XCBuildConfiguration;
			buildSettings = {
				BUNDLE_LOADER = "$(BUILT_PRODUCTS_DIR)/Colorboard.app/Colorboard";
				FRAMEWORK_SEARCH_PATHS = (
					"$(SDKROOT)/Developer/Library/Frameworks",
					"$(inherited)",
					"$(DEVELOPER_FRAMEWORKS_DIR)",
				);
				GCC_PRECOMPILE_PREFIX_HEADER = YES;
				GCC_PREFIX_HEADER = "Colorboard/Colorboard-Prefix.pch";
				INFOPLIST_FILE = "ColorboardTests/ColorboardTests-Info.plist";
				PRODUCT_NAME = "$(TARGET_NAME)";
				TEST_HOST = "$(BUNDLE_LOADER)";
				WRAPPER_EXTENSION = xctest;
			};
			name = Release;
		};
/* End XCBuildConfiguration section */

/* Begin XCConfigurationList section */
		F0B2495319625DDF00D3A8F1 /* Build configuration list for PBXProject "Colorboard" */ = {
			isa = XCConfigurationList;
			buildConfigurations = (
				F0B2498219625DDF00D3A8F1 /* Debug */,
				F0B2498319625DDF00D3A8F1 /* Release */,
			);
			defaultConfigurationIsVisible = 0;
			defaultConfigurationName = Release;
		};
		F0B2498419625DDF00D3A8F1 /* Build configuration list for PBXNativeTarget "Colorboard" */ = {
			isa = XCConfigurationList;
			buildConfigurations = (
				F0B2498519625DDF00D3A8F1 /* Debug */,
				F0B2498619625DDF00D3A8F1 /* Release */,
			);
			defaultConfigurationIsVisible = 0;
		};
		F0B2498719625DDF00D3A8F1 /* Build configuration list for PBXNativeTarget "ColorboardTests" */ = {
			isa = XCConfigurationList;
			buildConfigurations = (
				F0B2498819625DDF00D3A8F1 /* Debug */,
				F0B2498919625DDF00D3A8F1 /* Release */,
			);
			defaultConfigurationIsVisible = 0;
		};
/* End XCConfigurationList section */
	};
	rootObject = F0B2495019625DDF00D3A8F1 /* Project object */;
}
