// !$*UTF8*$!
{
	archiveVersion = 1;
	classes = {
	};
	objectVersion = 46;
	objects = {

/* Begin PBXBuildFile section */
		F02E643F195AC25A00F911ED /* MVCMainViewController.m in Sources */ = {isa = PBXBuildFile; fileRef = F02E643E195AC25A00F911ED /* MVCMainViewController.m */; };
		F02E6442195AC92500F911ED /* MVCLevelViewController.m in Sources */ = {isa = PBXBuildFile; fileRef = F02E6441195AC92500F911ED /* MVCLevelViewController.m */; };
		F02E6444195ACB2300F911ED /* Exercise-Tool.plist in Resources */ = {isa = PBXBuildFile; fileRef = F02E6443195ACB2300F911ED /* Exercise-Tool.plist */; };
		F0A98AC4195AC08700FFE47A /* Foundation.framework in Frameworks */ = {isa = PBXBuildFile; fileRef = F0A98AC3195AC08700FFE47A /* Foundation.framework */; };
		F0A98AC6195AC08700FFE47A /* CoreGraphics.framework in Frameworks */ = {isa = PBXBuildFile; fileRef = F0A98AC5195AC08700FFE47A /* CoreGraphics.framework */; };
		F0A98AC8195AC08700FFE47A /* UIKit.framework in Frameworks */ = {isa = PBXBuildFile; fileRef = F0A98AC7195AC08700FFE47A /* UIKit.framework */; };
		F0A98ACE195AC08700FFE47A /* InfoPlist.strings in Resources */ = {isa = PBXBuildFile; fileRef = F0A98ACC195AC08700FFE47A /* InfoPlist.strings */; };
		F0A98AD0195AC08700FFE47A /* main.m in Sources */ = {isa = PBXBuildFile; fileRef = F0A98ACF195AC08700FFE47A /* main.m */; };
		F0A98AD4195AC08700FFE47A /* MVCAppDelegate.m in Sources */ = {isa = PBXBuildFile; fileRef = F0A98AD3195AC08700FFE47A /* MVCAppDelegate.m */; };
		F0A98AD6195AC08700FFE47A /* Images.xcassets in Resources */ = {isa = PBXBuildFile; fileRef = F0A98AD5195AC08700FFE47A /* Images.xcassets */; };
		F0A98ADD195AC08700FFE47A /* XCTest.framework in Frameworks */ = {isa = PBXBuildFile; fileRef = F0A98ADC195AC08700FFE47A /* XCTest.framework */; };
		F0A98ADE195AC08700FFE47A /* Foundation.framework in Frameworks */ = {isa = PBXBuildFile; fileRef = F0A98AC3195AC08700FFE47A /* Foundation.framework */; };
		F0A98ADF195AC08700FFE47A /* UIKit.framework in Frameworks */ = {isa = PBXBuildFile; fileRef = F0A98AC7195AC08700FFE47A /* UIKit.framework */; };
		F0A98AE7195AC08700FFE47A /* InfoPlist.strings in Resources */ = {isa = PBXBuildFile; fileRef = F0A98AE5195AC08700FFE47A /* InfoPlist.strings */; };
		F0A98AE9195AC08700FFE47A /* ModelViewControllerTests.m in Sources */ = {isa = PBXBuildFile; fileRef = F0A98AE8195AC08700FFE47A /* ModelViewControllerTests.m */; };
		F0F2BCDB195B9C77004D7031 /* MVCItemModel.m in Sources */ = {isa = PBXBuildFile; fileRef = F0F2BCDA195B9C77004D7031 /* MVCItemModel.m */; };
		F0F2BCDF195BC5C9004D7031 /* MVCDetailViewController.m in Sources */ = {isa = PBXBuildFile; fileRef = F0F2BCDD195BC5C9004D7031 /* MVCDetailViewController.m */; };
		F0F2BCE0195BC5C9004D7031 /* MVCDetailViewController.xib in Resources */ = {isa = PBXBuildFile; fileRef = F0F2BCDE195BC5C9004D7031 /* MVCDetailViewController.xib */; };
/* End PBXBuildFile section */

/* Begin PBXContainerItemProxy section */
		F0A98AE0195AC08700FFE47A /* PBXContainerItemProxy */ = {
			isa = PBXContainerItemProxy;
			containerPortal = F0A98AB8195AC08600FFE47A /* Project object */;
			proxyType = 1;
			remoteGlobalIDString = F0A98ABF195AC08700FFE47A;
			remoteInfo = ModelViewController;
		};
/* End PBXContainerItemProxy section */

/* Begin PBXFileReference section */
		F02E643D195AC25A00F911ED /* MVCMainViewController.h */ = {isa = PBXFileReference; fileEncoding = 4; lastKnownFileType = sourcecode.c.h; path = MVCMainViewController.h; sourceTree = "<group>"; };
		F02E643E195AC25A00F911ED /* MVCMainViewController.m */ = {isa = PBXFileReference; fileEncoding = 4; lastKnownFileType = sourcecode.c.objc; path = MVCMainViewController.m; sourceTree = "<group>"; };
		F02E6440195AC92500F911ED /* MVCLevelViewController.h */ = {isa = PBXFileReference; fileEncoding = 4; lastKnownFileType = sourcecode.c.h; path = MVCLevelViewController.h; sourceTree = "<group>"; };
		F02E6441195AC92500F911ED /* MVCLevelViewController.m */ = {isa = PBXFileReference; fileEncoding = 4; lastKnownFileType = sourcecode.c.objc; path = MVCLevelViewController.m; sourceTree = "<group>"; };
		F02E6443195ACB2300F911ED /* Exercise-Tool.plist */ = {isa = PBXFileReference; fileEncoding = 4; lastKnownFileType = text.plist.xml; path = "Exercise-Tool.plist"; sourceTree = "<group>"; };
		F0A98AC0195AC08700FFE47A /* ModelViewController.app */ = {isa = PBXFileReference; explicitFileType = wrapper.application; includeInIndex = 0; path = ModelViewController.app; sourceTree = BUILT_PRODUCTS_DIR; };
		F0A98AC3195AC08700FFE47A /* Foundation.framework */ = {isa = PBXFileReference; lastKnownFileType = wrapper.framework; name = Foundation.framework; path = System/Library/Frameworks/Foundation.framework; sourceTree = SDKROOT; };
		F0A98AC5195AC08700FFE47A /* CoreGraphics.framework */ = {isa = PBXFileReference; lastKnownFileType = wrapper.framework; name = CoreGraphics.framework; path = System/Library/Frameworks/CoreGraphics.framework; sourceTree = SDKROOT; };
		F0A98AC7195AC08700FFE47A /* UIKit.framework */ = {isa = PBXFileReference; lastKnownFileType = wrapper.framework; name = UIKit.framework; path = System/Library/Frameworks/UIKit.framework; sourceTree = SDKROOT; };
		F0A98ACB195AC08700FFE47A /* ModelViewController-Info.plist */ = {isa = PBXFileReference; lastKnownFileType = text.plist.xml; path = "ModelViewController-Info.plist"; sourceTree = "<group>"; };
		F0A98ACD195AC08700FFE47A /* en */ = {isa = PBXFileReference; lastKnownFileType = text.plist.strings; name = en; path = en.lproj/InfoPlist.strings; sourceTree = "<group>"; };
		F0A98ACF195AC08700FFE47A /* main.m */ = {isa = PBXFileReference; lastKnownFileType = sourcecode.c.objc; path = main.m; sourceTree = "<group>"; };
		F0A98AD1195AC08700FFE47A /* ModelViewController-Prefix.pch */ = {isa = PBXFileReference; lastKnownFileType = sourcecode.c.h; path = "ModelViewController-Prefix.pch"; sourceTree = "<group>"; };
		F0A98AD2195AC08700FFE47A /* MVCAppDelegate.h */ = {isa = PBXFileReference; lastKnownFileType = sourcecode.c.h; path = MVCAppDelegate.h; sourceTree = "<group>"; };
		F0A98AD3195AC08700FFE47A /* MVCAppDelegate.m */ = {isa = PBXFileReference; lastKnownFileType = sourcecode.c.objc; path = MVCAppDelegate.m; sourceTree = "<group>"; };
		F0A98AD5195AC08700FFE47A /* Images.xcassets */ = {isa = PBXFileReference; lastKnownFileType = folder.assetcatalog; path = Images.xcassets; sourceTree = "<group>"; };
		F0A98ADB195AC08700FFE47A /* ModelViewControllerTests.xctest */ = {isa = PBXFileReference; explicitFileType = wrapper.cfbundle; includeInIndex = 0; path = ModelViewControllerTests.xctest; sourceTree = BUILT_PRODUCTS_DIR; };
		F0A98ADC195AC08700FFE47A /* XCTest.framework */ = {isa = PBXFileReference; lastKnownFileType = wrapper.framework; name = XCTest.framework; path = Library/Frameworks/XCTest.framework; sourceTree = DEVELOPER_DIR; };
		F0A98AE4195AC08700FFE47A /* ModelViewControllerTests-Info.plist */ = {isa = PBXFileReference; lastKnownFileType = text.plist.xml; path = "ModelViewControllerTests-Info.plist"; sourceTree = "<group>"; };
		F0A98AE6195AC08700FFE47A /* en */ = {isa = PBXFileReference; lastKnownFileType = text.plist.strings; name = en; path = en.lproj/InfoPlist.strings; sourceTree = "<group>"; };
		F0A98AE8195AC08700FFE47A /* ModelViewControllerTests.m */ = {isa = PBXFileReference; lastKnownFileType = sourcecode.c.objc; path = ModelViewControllerTests.m; sourceTree = "<group>"; };
		F0F2BCD9195B9C77004D7031 /* MVCItemModel.h */ = {isa = PBXFileReference; fileEncoding = 4; lastKnownFileType = sourcecode.c.h; path = MVCItemModel.h; sourceTree = "<group>"; };
		F0F2BCDA195B9C77004D7031 /* MVCItemModel.m */ = {isa = PBXFileReference; fileEncoding = 4; lastKnownFileType = sourcecode.c.objc; path = MVCItemModel.m; sourceTree = "<group>"; };
		F0F2BCDC195BC5C9004D7031 /* MVCDetailViewController.h */ = {isa = PBXFileReference; fileEncoding = 4; lastKnownFileType = sourcecode.c.h; path = MVCDetailViewController.h; sourceTree = "<group>"; };
		F0F2BCDD195BC5C9004D7031 /* MVCDetailViewController.m */ = {isa = PBXFileReference; fileEncoding = 4; lastKnownFileType = sourcecode.c.objc; path = MVCDetailViewController.m; sourceTree = "<group>"; };
		F0F2BCDE195BC5C9004D7031 /* MVCDetailViewController.xib */ = {isa = PBXFileReference; fileEncoding = 4; lastKnownFileType = file.xib; path = MVCDetailViewController.xib; sourceTree = "<group>"; };
/* End PBXFileReference section */

/* Begin PBXFrameworksBuildPhase section */
		F0A98ABD195AC08700FFE47A /* Frameworks */ = {
			isa = PBXFrameworksBuildPhase;
			buildActionMask = 2147483647;
			files = (
				F0A98AC6195AC08700FFE47A /* CoreGraphics.framework in Frameworks */,
				F0A98AC8195AC08700FFE47A /* UIKit.framework in Frameworks */,
				F0A98AC4195AC08700FFE47A /* Foundation.framework in Frameworks */,
			);
			runOnlyForDeploymentPostprocessing = 0;
		};
		F0A98AD8195AC08700FFE47A /* Frameworks */ = {
			isa = PBXFrameworksBuildPhase;
			buildActionMask = 2147483647;
			files = (
				F0A98ADD195AC08700FFE47A /* XCTest.framework in Frameworks */,
				F0A98ADF195AC08700FFE47A /* UIKit.framework in Frameworks */,
				F0A98ADE195AC08700FFE47A /* Foundation.framework in Frameworks */,
			);
			runOnlyForDeploymentPostprocessing = 0;
		};
/* End PBXFrameworksBuildPhase section */

/* Begin PBXGroup section */
		F0A98AB7195AC08600FFE47A = {
			isa = PBXGroup;
			children = (
				F0A98AC9195AC08700FFE47A /* ModelViewController */,
				F0A98AE2195AC08700FFE47A /* ModelViewControllerTests */,
				F0A98AC2195AC08700FFE47A /* Frameworks */,
				F0A98AC1195AC08700FFE47A /* Products */,
			);
			sourceTree = "<group>";
		};
		F0A98AC1195AC08700FFE47A /* Products */ = {
			isa = PBXGroup;
			children = (
				F0A98AC0195AC08700FFE47A /* ModelViewController.app */,
				F0A98ADB195AC08700FFE47A /* ModelViewControllerTests.xctest */,
			);
			name = Products;
			sourceTree = "<group>";
		};
		F0A98AC2195AC08700FFE47A /* Frameworks */ = {
			isa = PBXGroup;
			children = (
				F0A98AC3195AC08700FFE47A /* Foundation.framework */,
				F0A98AC5195AC08700FFE47A /* CoreGraphics.framework */,
				F0A98AC7195AC08700FFE47A /* UIKit.framework */,
				F0A98ADC195AC08700FFE47A /* XCTest.framework */,
			);
			name = Frameworks;
			sourceTree = "<group>";
		};
		F0A98AC9195AC08700FFE47A /* ModelViewController */ = {
			isa = PBXGroup;
			children = (
				F02E6443195ACB2300F911ED /* Exercise-Tool.plist */,
				F0A98AD5195AC08700FFE47A /* Images.xcassets */,
				F0A98AD2195AC08700FFE47A /* MVCAppDelegate.h */,
				F0A98AD3195AC08700FFE47A /* MVCAppDelegate.m */,
				F0F2BCDC195BC5C9004D7031 /* MVCDetailViewController.h */,
				F0F2BCDD195BC5C9004D7031 /* MVCDetailViewController.m */,
				F0F2BCDE195BC5C9004D7031 /* MVCDetailViewController.xib */,
				F0F2BCD9195B9C77004D7031 /* MVCItemModel.h */,
				F0F2BCDA195B9C77004D7031 /* MVCItemModel.m */,
				F02E6440195AC92500F911ED /* MVCLevelViewController.h */,
				F02E6441195AC92500F911ED /* MVCLevelViewController.m */,
				F02E643D195AC25A00F911ED /* MVCMainViewController.h */,
				F02E643E195AC25A00F911ED /* MVCMainViewController.m */,
				F0A98ACA195AC08700FFE47A /* Supporting Files */,
			);
			path = ModelViewController;
			sourceTree = "<group>";
		};
		F0A98ACA195AC08700FFE47A /* Supporting Files */ = {
			isa = PBXGroup;
			children = (
				F0A98ACB195AC08700FFE47A /* ModelViewController-Info.plist */,
				F0A98ACC195AC08700FFE47A /* InfoPlist.strings */,
				F0A98ACF195AC08700FFE47A /* main.m */,
				F0A98AD1195AC08700FFE47A /* ModelViewController-Prefix.pch */,
			);
			name = "Supporting Files";
			sourceTree = "<group>";
		};
		F0A98AE2195AC08700FFE47A /* ModelViewControllerTests */ = {
			isa = PBXGroup;
			children = (
				F0A98AE8195AC08700FFE47A /* ModelViewControllerTests.m */,
				F0A98AE3195AC08700FFE47A /* Supporting Files */,
			);
			path = ModelViewControllerTests;
			sourceTree = "<group>";
		};
		F0A98AE3195AC08700FFE47A /* Supporting Files */ = {
			isa = PBXGroup;
			children = (
				F0A98AE4195AC08700FFE47A /* ModelViewControllerTests-Info.plist */,
				F0A98AE5195AC08700FFE47A /* InfoPlist.strings */,
			);
			name = "Supporting Files";
			sourceTree = "<group>";
		};
/* End PBXGroup section */

/* Begin PBXNativeTarget section */
		F0A98ABF195AC08700FFE47A /* ModelViewController */ = {
			isa = PBXNativeTarget;
			buildConfigurationList = F0A98AEC195AC08700FFE47A /* Build configuration list for PBXNativeTarget "ModelViewController" */;
			buildPhases = (
				F0A98ABC195AC08700FFE47A /* Sources */,
				F0A98ABD195AC08700FFE47A /* Frameworks */,
				F0A98ABE195AC08700FFE47A /* Resources */,
			);
			buildRules = (
			);
			dependencies = (
			);
			name = ModelViewController;
			productName = ModelViewController;
			productReference = F0A98AC0195AC08700FFE47A /* ModelViewController.app */;
			productType = "com.apple.product-type.application";
		};
		F0A98ADA195AC08700FFE47A /* ModelViewControllerTests */ = {
			isa = PBXNativeTarget;
			buildConfigurationList = F0A98AEF195AC08700FFE47A /* Build configuration list for PBXNativeTarget "ModelViewControllerTests" */;
			buildPhases = (
				F0A98AD7195AC08700FFE47A /* Sources */,
				F0A98AD8195AC08700FFE47A /* Frameworks */,
				F0A98AD9195AC08700FFE47A /* Resources */,
			);
			buildRules = (
			);
			dependencies = (
				F0A98AE1195AC08700FFE47A /* PBXTargetDependency */,
			);
			name = ModelViewControllerTests;
			productName = ModelViewControllerTests;
			productReference = F0A98ADB195AC08700FFE47A /* ModelViewControllerTests.xctest */;
			productType = "com.apple.product-type.bundle.unit-test";
		};
/* End PBXNativeTarget section */

/* Begin PBXProject section */
		F0A98AB8195AC08600FFE47A /* Project object */ = {
			isa = PBXProject;
			attributes = {
				CLASSPREFIX = MVC;
				LastUpgradeCheck = 0510;
				ORGANIZATIONNAME = "Keith Samson";
				TargetAttributes = {
					F0A98ADA195AC08700FFE47A = {
						TestTargetID = F0A98ABF195AC08700FFE47A;
					};
				};
			};
			buildConfigurationList = F0A98ABB195AC08600FFE47A /* Build configuration list for PBXProject "ModelViewController" */;
			compatibilityVersion = "Xcode 3.2";
			developmentRegion = English;
			hasScannedForEncodings = 0;
			knownRegions = (
				en,
			);
			mainGroup = F0A98AB7195AC08600FFE47A;
			productRefGroup = F0A98AC1195AC08700FFE47A /* Products */;
			projectDirPath = "";
			projectRoot = "";
			targets = (
				F0A98ABF195AC08700FFE47A /* ModelViewController */,
				F0A98ADA195AC08700FFE47A /* ModelViewControllerTests */,
			);
		};
/* End PBXProject section */

/* Begin PBXResourcesBuildPhase section */
		F0A98ABE195AC08700FFE47A /* Resources */ = {
			isa = PBXResourcesBuildPhase;
			buildActionMask = 2147483647;
			files = (
				F0F2BCE0195BC5C9004D7031 /* MVCDetailViewController.xib in Resources */,
				F02E6444195ACB2300F911ED /* Exercise-Tool.plist in Resources */,
				F0A98ACE195AC08700FFE47A /* InfoPlist.strings in Resources */,
				F0A98AD6195AC08700FFE47A /* Images.xcassets in Resources */,
			);
			runOnlyForDeploymentPostprocessing = 0;
		};
		F0A98AD9195AC08700FFE47A /* Resources */ = {
			isa = PBXResourcesBuildPhase;
			buildActionMask = 2147483647;
			files = (
				F0A98AE7195AC08700FFE47A /* InfoPlist.strings in Resources */,
			);
			runOnlyForDeploymentPostprocessing = 0;
		};
/* End PBXResourcesBuildPhase section */

/* Begin PBXSourcesBuildPhase section */
		F0A98ABC195AC08700FFE47A /* Sources */ = {
			isa = PBXSourcesBuildPhase;
			buildActionMask = 2147483647;
			files = (
				F0F2BCDF195BC5C9004D7031 /* MVCDetailViewController.m in Sources */,
				F0F2BCDB195B9C77004D7031 /* MVCItemModel.m in Sources */,
				F02E6442195AC92500F911ED /* MVCLevelViewController.m in Sources */,
				F0A98AD0195AC08700FFE47A /* main.m in Sources */,
				F0A98AD4195AC08700FFE47A /* MVCAppDelegate.m in Sources */,
				F02E643F195AC25A00F911ED /* MVCMainViewController.m in Sources */,
			);
			runOnlyForDeploymentPostprocessing = 0;
		};
		F0A98AD7195AC08700FFE47A /* Sources */ = {
			isa = PBXSourcesBuildPhase;
			buildActionMask = 2147483647;
			files = (
				F0A98AE9195AC08700FFE47A /* ModelViewControllerTests.m in Sources */,
			);
			runOnlyForDeploymentPostprocessing = 0;
		};
/* End PBXSourcesBuildPhase section */

/* Begin PBXTargetDependency section */
		F0A98AE1195AC08700FFE47A /* PBXTargetDependency */ = {
			isa = PBXTargetDependency;
			target = F0A98ABF195AC08700FFE47A /* ModelViewController */;
			targetProxy = F0A98AE0195AC08700FFE47A /* PBXContainerItemProxy */;
		};
/* End PBXTargetDependency section */

/* Begin PBXVariantGroup section */
		F0A98ACC195AC08700FFE47A /* InfoPlist.strings */ = {
			isa = PBXVariantGroup;
			children = (
				F0A98ACD195AC08700FFE47A /* en */,
			);
			name = InfoPlist.strings;
			sourceTree = "<group>";
		};
		F0A98AE5195AC08700FFE47A /* InfoPlist.strings */ = {
			isa = PBXVariantGroup;
			children = (
				F0A98AE6195AC08700FFE47A /* en */,
			);
			name = InfoPlist.strings;
			sourceTree = "<group>";
		};
/* End PBXVariantGroup section */

/* Begin XCBuildConfiguration section */
		F0A98AEA195AC08700FFE47A /* Debug */ = {
			isa = XCBuildConfiguration;
			buildSettings = {
				ALWAYS_SEARCH_USER_PATHS = NO;
				CLANG_CXX_LANGUAGE_STANDARD = "gnu++0x";
				CLANG_CXX_LIBRARY = "libc++";
				CLANG_ENABLE_MODULES = YES;
				CLANG_ENABLE_OBJC_ARC = YES;
				CLANG_WARN_BOOL_CONVERSION = YES;
				CLANG_WARN_CONSTANT_CONVERSION = YES;
				CLANG_WARN_DIRECT_OBJC_ISA_USAGE = YES_ERROR;
				CLANG_WARN_EMPTY_BODY = YES;
				CLANG_WARN_ENUM_CONVERSION = YES;
				CLANG_WARN_INT_CONVERSION = YES;
				CLANG_WARN_OBJC_ROOT_CLASS = YES_ERROR;
				CLANG_WARN__DUPLICATE_METHOD_MATCH = YES;
				"CODE_SIGN_IDENTITY[sdk=iphoneos*]" = "iPhone Developer";
				COPY_PHASE_STRIP = NO;
				GCC_C_LANGUAGE_STANDARD = gnu99;
				GCC_DYNAMIC_NO_PIC = NO;
				GCC_OPTIMIZATION_LEVEL = 0;
				GCC_PREPROCESSOR_DEFINITIONS = (
					"DEBUG=1",
					"$(inherited)",
				);
				GCC_SYMBOLS_PRIVATE_EXTERN = NO;
				GCC_WARN_64_TO_32_BIT_CONVERSION = YES;
				GCC_WARN_ABOUT_RETURN_TYPE = YES_ERROR;
				GCC_WARN_UNDECLARED_SELECTOR = YES;
				GCC_WARN_UNINITIALIZED_AUTOS = YES_AGGRESSIVE;
				GCC_WARN_UNUSED_FUNCTION = YES;
				GCC_WARN_UNUSED_VARIABLE = YES;
				IPHONEOS_DEPLOYMENT_TARGET = 7.1;
				ONLY_ACTIVE_ARCH = YES;
				SDKROOT = iphoneos;
			};
			name = Debug;
		};
		F0A98AEB195AC08700FFE47A /* Release */ = {
			isa = XCBuildConfiguration;
			buildSettings = {
				ALWAYS_SEARCH_USER_PATHS = NO;
				CLANG_CXX_LANGUAGE_STANDARD = "gnu++0x";
				CLANG_CXX_LIBRARY = "libc++";
				CLANG_ENABLE_MODULES = YES;
				CLANG_ENABLE_OBJC_ARC = YES;
				CLANG_WARN_BOOL_CONVERSION = YES;
				CLANG_WARN_CONSTANT_CONVERSION = YES;
				CLANG_WARN_DIRECT_OBJC_ISA_USAGE = YES_ERROR;
				CLANG_WARN_EMPTY_BODY = YES;
				CLANG_WARN_ENUM_CONVERSION = YES;
				CLANG_WARN_INT_CONVERSION = YES;
				CLANG_WARN_OBJC_ROOT_CLASS = YES_ERROR;
				CLANG_WARN__DUPLICATE_METHOD_MATCH = YES;
				"CODE_SIGN_IDENTITY[sdk=iphoneos*]" = "iPhone Developer";
				COPY_PHASE_STRIP = YES;
				ENABLE_NS_ASSERTIONS = NO;
				GCC_C_LANGUAGE_STANDARD = gnu99;
				GCC_WARN_64_TO_32_BIT_CONVERSION = YES;
				GCC_WARN_ABOUT_RETURN_TYPE = YES_ERROR;
				GCC_WARN_UNDECLARED_SELECTOR = YES;
				GCC_WARN_UNINITIALIZED_AUTOS = YES_AGGRESSIVE;
				GCC_WARN_UNUSED_FUNCTION = YES;
				GCC_WARN_UNUSED_VARIABLE = YES;
				IPHONEOS_DEPLOYMENT_TARGET = 7.1;
				SDKROOT = iphoneos;
				VALIDATE_PRODUCT = YES;
			};
			name = Release;
		};
		F0A98AED195AC08700FFE47A /* Debug */ = {
			isa = XCBuildConfiguration;
			buildSettings = {
				ASSETCATALOG_COMPILER_APPICON_NAME = AppIcon;
				ASSETCATALOG_COMPILER_LAUNCHIMAGE_NAME = LaunchImage;
				GCC_PRECOMPILE_PREFIX_HEADER = YES;
				GCC_PREFIX_HEADER = "ModelViewController/ModelViewController-Prefix.pch";
				INFOPLIST_FILE = "ModelViewController/ModelViewController-Info.plist";
				PRODUCT_NAME = "$(TARGET_NAME)";
				WRAPPER_EXTENSION = app;
			};
			name = Debug;
		};
		F0A98AEE195AC08700FFE47A /* Release */ = {
			isa = XCBuildConfiguration;
			buildSettings = {
				ASSETCATALOG_COMPILER_APPICON_NAME = AppIcon;
				ASSETCATALOG_COMPILER_LAUNCHIMAGE_NAME = LaunchImage;
				GCC_PRECOMPILE_PREFIX_HEADER = YES;
				GCC_PREFIX_HEADER = "ModelViewController/ModelViewController-Prefix.pch";
				INFOPLIST_FILE = "ModelViewController/ModelViewController-Info.plist";
				PRODUCT_NAME = "$(TARGET_NAME)";
				WRAPPER_EXTENSION = app;
			};
			name = Release;
		};
		F0A98AF0195AC08700FFE47A /* Debug */ = {
			isa = XCBuildConfiguration;
			buildSettings = {
				BUNDLE_LOADER = "$(BUILT_PRODUCTS_DIR)/ModelViewController.app/ModelViewController";
				FRAMEWORK_SEARCH_PATHS = (
					"$(SDKROOT)/Developer/Library/Frameworks",
					"$(inherited)",
					"$(DEVELOPER_FRAMEWORKS_DIR)",
				);
				GCC_PRECOMPILE_PREFIX_HEADER = YES;
				GCC_PREFIX_HEADER = "ModelViewController/ModelViewController-Prefix.pch";
				GCC_PREPROCESSOR_DEFINITIONS = (
					"DEBUG=1",
					"$(inherited)",
				);
				INFOPLIST_FILE = "ModelViewControllerTests/ModelViewControllerTests-Info.plist";
				PRODUCT_NAME = "$(TARGET_NAME)";
				TEST_HOST = "$(BUNDLE_LOADER)";
				WRAPPER_EXTENSION = xctest;
			};
			name = Debug;
		};
		F0A98AF1195AC08700FFE47A /* Release */ = {
			isa = XCBuildConfiguration;
			buildSettings = {
				BUNDLE_LOADER = "$(BUILT_PRODUCTS_DIR)/ModelViewController.app/ModelViewController";
				FRAMEWORK_SEARCH_PATHS = (
					"$(SDKROOT)/Developer/Library/Frameworks",
					"$(inherited)",
					"$(DEVELOPER_FRAMEWORKS_DIR)",
				);
				GCC_PRECOMPILE_PREFIX_HEADER = YES;
				GCC_PREFIX_HEADER = "ModelViewController/ModelViewController-Prefix.pch";
				INFOPLIST_FILE = "ModelViewControllerTests/ModelViewControllerTests-Info.plist";
				PRODUCT_NAME = "$(TARGET_NAME)";
				TEST_HOST = "$(BUNDLE_LOADER)";
				WRAPPER_EXTENSION = xctest;
			};
			name = Release;
		};
/* End XCBuildConfiguration section */

/* Begin XCConfigurationList section */
		F0A98ABB195AC08600FFE47A /* Build configuration list for PBXProject "ModelViewController" */ = {
			isa = XCConfigurationList;
			buildConfigurations = (
				F0A98AEA195AC08700FFE47A /* Debug */,
				F0A98AEB195AC08700FFE47A /* Release */,
			);
			defaultConfigurationIsVisible = 0;
			defaultConfigurationName = Release;
		};
		F0A98AEC195AC08700FFE47A /* Build configuration list for PBXNativeTarget "ModelViewController" */ = {
			isa = XCConfigurationList;
			buildConfigurations = (
				F0A98AED195AC08700FFE47A /* Debug */,
				F0A98AEE195AC08700FFE47A /* Release */,
			);
			defaultConfigurationIsVisible = 0;
			defaultConfigurationName = Release;
		};
		F0A98AEF195AC08700FFE47A /* Build configuration list for PBXNativeTarget "ModelViewControllerTests" */ = {
			isa = XCConfigurationList;
			buildConfigurations = (
				F0A98AF0195AC08700FFE47A /* Debug */,
				F0A98AF1195AC08700FFE47A /* Release */,
			);
			defaultConfigurationIsVisible = 0;
			defaultConfigurationName = Release;
		};
/* End XCConfigurationList section */
	};
	rootObject = F0A98AB8195AC08600FFE47A /* Project object */;
}
